PODS:
  - boost-for-react-native (1.63.0)
  - CocoaAsyncSocket (7.6.4)
  - CocoaLibEvent (1.0.0)
  - DoubleConversion (1.1.6)
  - FBLazyVector (0.62.1)
  - FBReactNativeSpec (0.62.1):
    - Folly (= 2018.10.22.00)
    - RCTRequired (= 0.62.1)
    - RCTTypeSafety (= 0.62.1)
    - React-Core (= 0.62.1)
    - React-jsi (= 0.62.1)
    - ReactCommon/turbomodule/core (= 0.62.1)
  - Flipper (0.33.1):
    - Flipper-Folly (~> 2.1)
    - Flipper-RSocket (~> 1.0)
  - Flipper-DoubleConversion (1.1.7)
  - Flipper-Folly (2.1.1):
    - boost-for-react-native
    - CocoaLibEvent (~> 1.0)
    - Flipper-DoubleConversion
    - Flipper-Glog
    - OpenSSL-Universal (= 1.0.2.19)
  - Flipper-Glog (0.3.6)
  - Flipper-PeerTalk (0.0.4)
  - Flipper-RSocket (1.0.0):
    - Flipper-Folly (~> 2.0)
  - FlipperKit (0.33.1):
    - FlipperKit/Core (= 0.33.1)
  - FlipperKit/Core (0.33.1):
    - Flipper (~> 0.33.1)
    - FlipperKit/CppBridge
    - FlipperKit/FBCxxFollyDynamicConvert
    - FlipperKit/FBDefines
    - FlipperKit/FKPortForwarding
  - FlipperKit/CppBridge (0.33.1):
    - Flipper (~> 0.33.1)
  - FlipperKit/FBCxxFollyDynamicConvert (0.33.1):
    - Flipper-Folly (~> 2.1)
  - FlipperKit/FBDefines (0.33.1)
  - FlipperKit/FKPortForwarding (0.33.1):
    - CocoaAsyncSocket (~> 7.6)
    - Flipper-PeerTalk (~> 0.0.4)
  - FlipperKit/FlipperKitHighlightOverlay (0.33.1)
  - FlipperKit/FlipperKitLayoutPlugin (0.33.1):
    - FlipperKit/Core
    - FlipperKit/FlipperKitHighlightOverlay
    - FlipperKit/FlipperKitLayoutTextSearchable
    - YogaKit (~> 1.18)
  - FlipperKit/FlipperKitLayoutTextSearchable (0.33.1)
  - FlipperKit/FlipperKitNetworkPlugin (0.33.1):
    - FlipperKit/Core
  - FlipperKit/FlipperKitReactPlugin (0.33.1):
    - FlipperKit/Core
  - FlipperKit/FlipperKitUserDefaultsPlugin (0.33.1):
    - FlipperKit/Core
  - FlipperKit/SKIOSNetworkPlugin (0.33.1):
    - FlipperKit/Core
    - FlipperKit/FlipperKitNetworkPlugin
  - Folly (2018.10.22.00):
    - boost-for-react-native
    - DoubleConversion
    - Folly/Default (= 2018.10.22.00)
    - glog
  - Folly/Default (2018.10.22.00):
    - boost-for-react-native
    - DoubleConversion
    - glog
  - glog (0.3.5)
  - OpenSSL-Universal (1.0.2.19):
    - OpenSSL-Universal/Static (= 1.0.2.19)
  - OpenSSL-Universal/Static (1.0.2.19)
  - RCTRequired (0.62.1)
  - RCTTypeSafety (0.62.1):
    - FBLazyVector (= 0.62.1)
    - Folly (= 2018.10.22.00)
    - RCTRequired (= 0.62.1)
    - React-Core (= 0.62.1)
  - React (0.62.1):
    - React-Core (= 0.62.1)
    - React-Core/DevSupport (= 0.62.1)
    - React-Core/RCTWebSocket (= 0.62.1)
    - React-RCTActionSheet (= 0.62.1)
    - React-RCTAnimation (= 0.62.1)
    - React-RCTBlob (= 0.62.1)
    - React-RCTImage (= 0.62.1)
    - React-RCTLinking (= 0.62.1)
    - React-RCTNetwork (= 0.62.1)
    - React-RCTSettings (= 0.62.1)
    - React-RCTText (= 0.62.1)
    - React-RCTVibration (= 0.62.1)
  - React-Core (0.62.1):
    - Folly (= 2018.10.22.00)
    - glog
    - React-Core/Default (= 0.62.1)
    - React-cxxreact (= 0.62.1)
    - React-jsi (= 0.62.1)
    - React-jsiexecutor (= 0.62.1)
    - Yoga
  - React-Core/CoreModulesHeaders (0.62.1):
    - Folly (= 2018.10.22.00)
    - glog
    - React-Core/Default
    - React-cxxreact (= 0.62.1)
    - React-jsi (= 0.62.1)
    - React-jsiexecutor (= 0.62.1)
    - Yoga
  - React-Core/Default (0.62.1):
    - Folly (= 2018.10.22.00)
    - glog
    - React-cxxreact (= 0.62.1)
    - React-jsi (= 0.62.1)
    - React-jsiexecutor (= 0.62.1)
    - Yoga
  - React-Core/DevSupport (0.62.1):
    - Folly (= 2018.10.22.00)
    - glog
    - React-Core/Default (= 0.62.1)
    - React-Core/RCTWebSocket (= 0.62.1)
    - React-cxxreact (= 0.62.1)
    - React-jsi (= 0.62.1)
    - React-jsiexecutor (= 0.62.1)
    - React-jsinspector (= 0.62.1)
    - Yoga
  - React-Core/RCTActionSheetHeaders (0.62.1):
    - Folly (= 2018.10.22.00)
    - glog
    - React-Core/Default
    - React-cxxreact (= 0.62.1)
    - React-jsi (= 0.62.1)
    - React-jsiexecutor (= 0.62.1)
    - Yoga
  - React-Core/RCTAnimationHeaders (0.62.1):
    - Folly (= 2018.10.22.00)
    - glog
    - React-Core/Default
    - React-cxxreact (= 0.62.1)
    - React-jsi (= 0.62.1)
    - React-jsiexecutor (= 0.62.1)
    - Yoga
  - React-Core/RCTBlobHeaders (0.62.1):
    - Folly (= 2018.10.22.00)
    - glog
    - React-Core/Default
    - React-cxxreact (= 0.62.1)
    - React-jsi (= 0.62.1)
    - React-jsiexecutor (= 0.62.1)
    - Yoga
  - React-Core/RCTImageHeaders (0.62.1):
    - Folly (= 2018.10.22.00)
    - glog
    - React-Core/Default
    - React-cxxreact (= 0.62.1)
    - React-jsi (= 0.62.1)
    - React-jsiexecutor (= 0.62.1)
    - Yoga
  - React-Core/RCTLinkingHeaders (0.62.1):
    - Folly (= 2018.10.22.00)
    - glog
    - React-Core/Default
    - React-cxxreact (= 0.62.1)
    - React-jsi (= 0.62.1)
    - React-jsiexecutor (= 0.62.1)
    - Yoga
  - React-Core/RCTNetworkHeaders (0.62.1):
    - Folly (= 2018.10.22.00)
    - glog
    - React-Core/Default
    - React-cxxreact (= 0.62.1)
    - React-jsi (= 0.62.1)
    - React-jsiexecutor (= 0.62.1)
    - Yoga
  - React-Core/RCTSettingsHeaders (0.62.1):
    - Folly (= 2018.10.22.00)
    - glog
    - React-Core/Default
    - React-cxxreact (= 0.62.1)
    - React-jsi (= 0.62.1)
    - React-jsiexecutor (= 0.62.1)
    - Yoga
  - React-Core/RCTTextHeaders (0.62.1):
    - Folly (= 2018.10.22.00)
    - glog
    - React-Core/Default
    - React-cxxreact (= 0.62.1)
    - React-jsi (= 0.62.1)
    - React-jsiexecutor (= 0.62.1)
    - Yoga
  - React-Core/RCTVibrationHeaders (0.62.1):
    - Folly (= 2018.10.22.00)
    - glog
    - React-Core/Default
    - React-cxxreact (= 0.62.1)
    - React-jsi (= 0.62.1)
    - React-jsiexecutor (= 0.62.1)
    - Yoga
  - React-Core/RCTWebSocket (0.62.1):
    - Folly (= 2018.10.22.00)
    - glog
    - React-Core/Default (= 0.62.1)
    - React-cxxreact (= 0.62.1)
    - React-jsi (= 0.62.1)
    - React-jsiexecutor (= 0.62.1)
    - Yoga
  - React-CoreModules (0.62.1):
    - FBReactNativeSpec (= 0.62.1)
    - Folly (= 2018.10.22.00)
    - RCTTypeSafety (= 0.62.1)
    - React-Core/CoreModulesHeaders (= 0.62.1)
    - React-RCTImage (= 0.62.1)
    - ReactCommon/turbomodule/core (= 0.62.1)
  - React-cxxreact (0.62.1):
    - boost-for-react-native (= 1.63.0)
    - DoubleConversion
    - Folly (= 2018.10.22.00)
    - glog
    - React-jsinspector (= 0.62.1)
  - React-jsi (0.62.1):
    - boost-for-react-native (= 1.63.0)
    - DoubleConversion
    - Folly (= 2018.10.22.00)
    - glog
    - React-jsi/Default (= 0.62.1)
  - React-jsi/Default (0.62.1):
    - boost-for-react-native (= 1.63.0)
    - DoubleConversion
    - Folly (= 2018.10.22.00)
    - glog
  - React-jsiexecutor (0.62.1):
    - DoubleConversion
    - Folly (= 2018.10.22.00)
    - glog
    - React-cxxreact (= 0.62.1)
    - React-jsi (= 0.62.1)
  - React-jsinspector (0.62.1)
  - React-RCTActionSheet (0.62.1):
    - React-Core/RCTActionSheetHeaders (= 0.62.1)
  - React-RCTAnimation (0.62.1):
    - FBReactNativeSpec (= 0.62.1)
    - Folly (= 2018.10.22.00)
    - RCTTypeSafety (= 0.62.1)
    - React-Core/RCTAnimationHeaders (= 0.62.1)
    - ReactCommon/turbomodule/core (= 0.62.1)
  - React-RCTBlob (0.62.1):
    - FBReactNativeSpec (= 0.62.1)
    - Folly (= 2018.10.22.00)
    - React-Core/RCTBlobHeaders (= 0.62.1)
    - React-Core/RCTWebSocket (= 0.62.1)
    - React-jsi (= 0.62.1)
    - React-RCTNetwork (= 0.62.1)
    - ReactCommon/turbomodule/core (= 0.62.1)
  - React-RCTImage (0.62.1):
    - FBReactNativeSpec (= 0.62.1)
    - Folly (= 2018.10.22.00)
    - RCTTypeSafety (= 0.62.1)
    - React-Core/RCTImageHeaders (= 0.62.1)
    - React-RCTNetwork (= 0.62.1)
    - ReactCommon/turbomodule/core (= 0.62.1)
  - React-RCTLinking (0.62.1):
    - FBReactNativeSpec (= 0.62.1)
    - React-Core/RCTLinkingHeaders (= 0.62.1)
    - ReactCommon/turbomodule/core (= 0.62.1)
  - React-RCTNetwork (0.62.1):
    - FBReactNativeSpec (= 0.62.1)
    - Folly (= 2018.10.22.00)
    - RCTTypeSafety (= 0.62.1)
    - React-Core/RCTNetworkHeaders (= 0.62.1)
    - ReactCommon/turbomodule/core (= 0.62.1)
  - React-RCTSettings (0.62.1):
    - FBReactNativeSpec (= 0.62.1)
    - Folly (= 2018.10.22.00)
    - RCTTypeSafety (= 0.62.1)
    - React-Core/RCTSettingsHeaders (= 0.62.1)
    - ReactCommon/turbomodule/core (= 0.62.1)
  - React-RCTText (0.62.1):
    - React-Core/RCTTextHeaders (= 0.62.1)
  - React-RCTVibration (0.62.1):
    - FBReactNativeSpec (= 0.62.1)
    - Folly (= 2018.10.22.00)
    - React-Core/RCTVibrationHeaders (= 0.62.1)
    - ReactCommon/turbomodule/core (= 0.62.1)
  - ReactCommon/callinvoker (0.62.1):
    - DoubleConversion
    - Folly (= 2018.10.22.00)
    - glog
    - React-cxxreact (= 0.62.1)
  - ReactCommon/turbomodule/core (0.62.1):
    - DoubleConversion
    - Folly (= 2018.10.22.00)
    - glog
    - React-Core (= 0.62.1)
    - React-cxxreact (= 0.62.1)
    - React-jsi (= 0.62.1)
    - ReactCommon/callinvoker (= 0.62.1)
  - RNGestureHandler (1.6.1):
    - React
  - RNReanimated (1.13.3):
    - React-Core
  - RNScreens (1.0.0-alpha.23):
    - React
  - Yoga (1.14.0)
  - YogaKit (1.18.1):
    - Yoga (~> 1.14)

DEPENDENCIES:
  - DoubleConversion (from `../node_modules/react-native/third-party-podspecs/DoubleConversion.podspec`)
  - FBLazyVector (from `../node_modules/react-native/Libraries/FBLazyVector`)
  - FBReactNativeSpec (from `../node_modules/react-native/Libraries/FBReactNativeSpec`)
  - FlipperKit (~> 0.33.1)
  - FlipperKit/FlipperKitLayoutPlugin (~> 0.33.1)
  - FlipperKit/FlipperKitReactPlugin (~> 0.33.1)
  - FlipperKit/FlipperKitUserDefaultsPlugin (~> 0.33.1)
  - FlipperKit/SKIOSNetworkPlugin (~> 0.33.1)
  - Folly (from `../node_modules/react-native/third-party-podspecs/Folly.podspec`)
  - glog (from `../node_modules/react-native/third-party-podspecs/glog.podspec`)
  - RCTRequired (from `../node_modules/react-native/Libraries/RCTRequired`)
  - RCTTypeSafety (from `../node_modules/react-native/Libraries/TypeSafety`)
  - React (from `../node_modules/react-native/`)
  - React-Core (from `../node_modules/react-native/`)
  - React-Core/DevSupport (from `../node_modules/react-native/`)
  - React-Core/RCTWebSocket (from `../node_modules/react-native/`)
  - React-CoreModules (from `../node_modules/react-native/React/CoreModules`)
  - React-cxxreact (from `../node_modules/react-native/ReactCommon/cxxreact`)
  - React-jsi (from `../node_modules/react-native/ReactCommon/jsi`)
  - React-jsiexecutor (from `../node_modules/react-native/ReactCommon/jsiexecutor`)
  - React-jsinspector (from `../node_modules/react-native/ReactCommon/jsinspector`)
  - React-RCTActionSheet (from `../node_modules/react-native/Libraries/ActionSheetIOS`)
  - React-RCTAnimation (from `../node_modules/react-native/Libraries/NativeAnimation`)
  - React-RCTBlob (from `../node_modules/react-native/Libraries/Blob`)
  - React-RCTImage (from `../node_modules/react-native/Libraries/Image`)
  - React-RCTLinking (from `../node_modules/react-native/Libraries/LinkingIOS`)
  - React-RCTNetwork (from `../node_modules/react-native/Libraries/Network`)
  - React-RCTSettings (from `../node_modules/react-native/Libraries/Settings`)
  - React-RCTText (from `../node_modules/react-native/Libraries/Text`)
  - React-RCTVibration (from `../node_modules/react-native/Libraries/Vibration`)
  - ReactCommon/callinvoker (from `../node_modules/react-native/ReactCommon`)
  - ReactCommon/turbomodule/core (from `../node_modules/react-native/ReactCommon`)
  - RNGestureHandler (from `../node_modules/react-native-gesture-handler`)
  - RNReanimated (from `../../`)
  - RNScreens (from `../node_modules/react-native-screens`)
  - Yoga (from `../node_modules/react-native/ReactCommon/yoga`)

SPEC REPOS:
  trunk:
    - boost-for-react-native
    - CocoaAsyncSocket
    - CocoaLibEvent
    - Flipper
    - Flipper-DoubleConversion
    - Flipper-Folly
    - Flipper-Glog
    - Flipper-PeerTalk
    - Flipper-RSocket
    - FlipperKit
    - OpenSSL-Universal
    - YogaKit

EXTERNAL SOURCES:
  DoubleConversion:
    :podspec: "../node_modules/react-native/third-party-podspecs/DoubleConversion.podspec"
  FBLazyVector:
    :path: "../node_modules/react-native/Libraries/FBLazyVector"
  FBReactNativeSpec:
    :path: "../node_modules/react-native/Libraries/FBReactNativeSpec"
  Folly:
    :podspec: "../node_modules/react-native/third-party-podspecs/Folly.podspec"
  glog:
    :podspec: "../node_modules/react-native/third-party-podspecs/glog.podspec"
  RCTRequired:
    :path: "../node_modules/react-native/Libraries/RCTRequired"
  RCTTypeSafety:
    :path: "../node_modules/react-native/Libraries/TypeSafety"
  React:
    :path: "../node_modules/react-native/"
  React-Core:
    :path: "../node_modules/react-native/"
  React-CoreModules:
    :path: "../node_modules/react-native/React/CoreModules"
  React-cxxreact:
    :path: "../node_modules/react-native/ReactCommon/cxxreact"
  React-jsi:
    :path: "../node_modules/react-native/ReactCommon/jsi"
  React-jsiexecutor:
    :path: "../node_modules/react-native/ReactCommon/jsiexecutor"
  React-jsinspector:
    :path: "../node_modules/react-native/ReactCommon/jsinspector"
  React-RCTActionSheet:
    :path: "../node_modules/react-native/Libraries/ActionSheetIOS"
  React-RCTAnimation:
    :path: "../node_modules/react-native/Libraries/NativeAnimation"
  React-RCTBlob:
    :path: "../node_modules/react-native/Libraries/Blob"
  React-RCTImage:
    :path: "../node_modules/react-native/Libraries/Image"
  React-RCTLinking:
    :path: "../node_modules/react-native/Libraries/LinkingIOS"
  React-RCTNetwork:
    :path: "../node_modules/react-native/Libraries/Network"
  React-RCTSettings:
    :path: "../node_modules/react-native/Libraries/Settings"
  React-RCTText:
    :path: "../node_modules/react-native/Libraries/Text"
  React-RCTVibration:
    :path: "../node_modules/react-native/Libraries/Vibration"
  ReactCommon:
    :path: "../node_modules/react-native/ReactCommon"
  RNGestureHandler:
    :path: "../node_modules/react-native-gesture-handler"
  RNReanimated:
    :path: "../../"
  RNScreens:
    :path: "../node_modules/react-native-screens"
  Yoga:
    :path: "../node_modules/react-native/ReactCommon/yoga"

SPEC CHECKSUMS:
  boost-for-react-native: 39c7adb57c4e60d6c5479dd8623128eb5b3f0f2c
  CocoaAsyncSocket: 694058e7c0ed05a9e217d1b3c7ded962f4180845
  CocoaLibEvent: 2fab71b8bd46dd33ddb959f7928ec5909f838e3f
  DoubleConversion: 5805e889d232975c086db112ece9ed034df7a0b2
  FBLazyVector: 95ee3e58937a6052f86b0e32f142388c22fa22c5
  FBReactNativeSpec: 26dd6459299e48cd64eb397c45635e466dba9f45
  Flipper: 6c1f484f9a88d30ab3e272800d53688439e50f69
  Flipper-DoubleConversion: 38631e41ef4f9b12861c67d17cb5518d06badc41
  Flipper-Folly: 2de3d03e0acc7064d5e4ed9f730e2f217486f162
  Flipper-Glog: 1dfd6abf1e922806c52ceb8701a3599a79a200a6
  Flipper-PeerTalk: 116d8f857dc6ef55c7a5a75ea3ceaafe878aadc9
  Flipper-RSocket: 1260a31c05c238eabfa9bb8a64e3983049048371
  FlipperKit: 6dc9b8f4ef60d9e5ded7f0264db299c91f18832e
  Folly: 30e7936e1c45c08d884aa59369ed951a8e68cf51
  glog: 1f3da668190260b06b429bb211bfbee5cd790c28
  OpenSSL-Universal: 8b48cc0d10c1b2923617dfe5c178aa9ed2689355
  RCTRequired: e291538a455f5ad1afc2139a4288990be0cadd46
  RCTTypeSafety: 8b6237185765dd9a03a3647807e08864105b1f95
  React: 7b33e15fab929c47ac9c3c94c409258b13cfe452
  React-Core: 9a164d53492e2d8a84e7acf87988253dff09cf93
  React-CoreModules: 9aba468d44532cbc301e1323a62b3d796c69c26d
  React-cxxreact: 1eed6bc2a4f8e25910994b5dfca1acf1878b25c7
  React-jsi: 600d8e42510c3254fd2abd702f4b9d3f598d8f52
  React-jsiexecutor: e9698dee4fd43ceb44832baf15d5745f455b0157
  React-jsinspector: f74a62727e5604119abd4a1eda52c0a12144bcd5
  React-RCTActionSheet: af8f28dd82fec89b8fe29637b8c779829e016a88
  React-RCTAnimation: 0d21fff7c20fb8ee41de5f2ebb63221127febd96
  React-RCTBlob: 9496bd93130b22069bfbc5d35e98653dae7c35c6
  React-RCTImage: a220d154ab3b92bc8a3d040651a21a047c5876b7
  React-RCTLinking: 07b694640ae4a43e25c0e3e54713345f9ef1a706
  React-RCTNetwork: 043479410782020c2081498b5766db136aea6fe9
  React-RCTSettings: 826bed85c8887cec143f561a27bb3044f28fbde4
  React-RCTText: 239e040f401505001327a109f9188a4e6dad1bd2
  React-RCTVibration: 072c3b427dd29e730c2ee5bfc509cf5054741a50
  ReactCommon: 3585806280c51d5c2c0d3aa5a99014c3badb629d
  RNGestureHandler: 8f09cd560f8d533eb36da5a6c5a843af9f056b38
  RNReanimated: 514a11da3a2bcc6c3dfd9de32b38e2b9bf101926
  RNScreens: f28b48b8345f2f5f39ed6195518291515032a788
  Yoga: 50fb6eb13d2152e7363293ff603385db380815b1
  YogaKit: f782866e155069a2cca2517aafea43200b01fd5a

PODFILE CHECKSUM: aa5963440c2c27ef05661ddc9581b02eac8776a7

COCOAPODS: 1.10.1
