PODS:
  - boost (1.76.0)
  - DoubleConversion (1.1.6)
  - FBLazyVector (0.66.0-rc.4)
  - FBReactNativeSpec (0.66.0-rc.4):
    - RCT-Folly (= 2021.06.28.00-v2)
    - RCTRequired (= 0.66.0-rc.4)
    - RCTTypeSafety (= 0.66.0-rc.4)
    - React-Core (= 0.66.0-rc.4)
    - React-jsi (= 0.66.0-rc.4)
    - ReactCommon/turbomodule/core (= 0.66.0-rc.4)
  - fmt (6.2.1)
  - glog (0.3.5)
  - RCT-Folly (2021.06.28.00-v2):
    - boost
    - DoubleConversion
    - fmt (~> 6.2.1)
    - glog
    - RCT-Folly/Default (= 2021.06.28.00-v2)
  - RCT-Folly/Default (2021.06.28.00-v2):
    - boost
    - DoubleConversion
    - fmt (~> 6.2.1)
    - glog
  - RCTRequired (0.66.0-rc.4)
  - RCTTypeSafety (0.66.0-rc.4):
    - FBLazyVector (= 0.66.0-rc.4)
    - RCT-Folly (= 2021.06.28.00-v2)
    - RCTRequired (= 0.66.0-rc.4)
    - React-Core (= 0.66.0-rc.4)
  - React (0.66.0-rc.4):
    - React-Core (= 0.66.0-rc.4)
    - React-Core/DevSupport (= 0.66.0-rc.4)
    - React-Core/RCTWebSocket (= 0.66.0-rc.4)
    - React-RCTActionSheet (= 0.66.0-rc.4)
    - React-RCTAnimation (= 0.66.0-rc.4)
    - React-RCTBlob (= 0.66.0-rc.4)
    - React-RCTImage (= 0.66.0-rc.4)
    - React-RCTLinking (= 0.66.0-rc.4)
    - React-RCTNetwork (= 0.66.0-rc.4)
    - React-RCTSettings (= 0.66.0-rc.4)
    - React-RCTText (= 0.66.0-rc.4)
    - React-RCTVibration (= 0.66.0-rc.4)
  - React-callinvoker (0.66.0-rc.4)
  - React-Core (0.66.0-rc.4):
    - glog
    - RCT-Folly (= 2021.06.28.00-v2)
    - React-Core/Default (= 0.66.0-rc.4)
    - React-cxxreact (= 0.66.0-rc.4)
    - React-jsi (= 0.66.0-rc.4)
    - React-jsiexecutor (= 0.66.0-rc.4)
    - React-perflogger (= 0.66.0-rc.4)
    - Yoga
  - React-Core/CoreModulesHeaders (0.66.0-rc.4):
    - glog
    - RCT-Folly (= 2021.06.28.00-v2)
    - React-Core/Default
    - React-cxxreact (= 0.66.0-rc.4)
    - React-jsi (= 0.66.0-rc.4)
    - React-jsiexecutor (= 0.66.0-rc.4)
    - React-perflogger (= 0.66.0-rc.4)
    - Yoga
  - React-Core/Default (0.66.0-rc.4):
    - glog
    - RCT-Folly (= 2021.06.28.00-v2)
    - React-cxxreact (= 0.66.0-rc.4)
    - React-jsi (= 0.66.0-rc.4)
    - React-jsiexecutor (= 0.66.0-rc.4)
    - React-perflogger (= 0.66.0-rc.4)
    - Yoga
  - React-Core/DevSupport (0.66.0-rc.4):
    - glog
    - RCT-Folly (= 2021.06.28.00-v2)
    - React-Core/Default (= 0.66.0-rc.4)
    - React-Core/RCTWebSocket (= 0.66.0-rc.4)
    - React-cxxreact (= 0.66.0-rc.4)
    - React-jsi (= 0.66.0-rc.4)
    - React-jsiexecutor (= 0.66.0-rc.4)
    - React-jsinspector (= 0.66.0-rc.4)
    - React-perflogger (= 0.66.0-rc.4)
    - Yoga
  - React-Core/RCTActionSheetHeaders (0.66.0-rc.4):
    - glog
    - RCT-Folly (= 2021.06.28.00-v2)
    - React-Core/Default
    - React-cxxreact (= 0.66.0-rc.4)
    - React-jsi (= 0.66.0-rc.4)
    - React-jsiexecutor (= 0.66.0-rc.4)
    - React-perflogger (= 0.66.0-rc.4)
    - Yoga
  - React-Core/RCTAnimationHeaders (0.66.0-rc.4):
    - glog
    - RCT-Folly (= 2021.06.28.00-v2)
    - React-Core/Default
    - React-cxxreact (= 0.66.0-rc.4)
    - React-jsi (= 0.66.0-rc.4)
    - React-jsiexecutor (= 0.66.0-rc.4)
    - React-perflogger (= 0.66.0-rc.4)
    - Yoga
  - React-Core/RCTBlobHeaders (0.66.0-rc.4):
    - glog
    - RCT-Folly (= 2021.06.28.00-v2)
    - React-Core/Default
    - React-cxxreact (= 0.66.0-rc.4)
    - React-jsi (= 0.66.0-rc.4)
    - React-jsiexecutor (= 0.66.0-rc.4)
    - React-perflogger (= 0.66.0-rc.4)
    - Yoga
  - React-Core/RCTImageHeaders (0.66.0-rc.4):
    - glog
    - RCT-Folly (= 2021.06.28.00-v2)
    - React-Core/Default
    - React-cxxreact (= 0.66.0-rc.4)
    - React-jsi (= 0.66.0-rc.4)
    - React-jsiexecutor (= 0.66.0-rc.4)
    - React-perflogger (= 0.66.0-rc.4)
    - Yoga
  - React-Core/RCTLinkingHeaders (0.66.0-rc.4):
    - glog
    - RCT-Folly (= 2021.06.28.00-v2)
    - React-Core/Default
    - React-cxxreact (= 0.66.0-rc.4)
    - React-jsi (= 0.66.0-rc.4)
    - React-jsiexecutor (= 0.66.0-rc.4)
    - React-perflogger (= 0.66.0-rc.4)
    - Yoga
  - React-Core/RCTNetworkHeaders (0.66.0-rc.4):
    - glog
    - RCT-Folly (= 2021.06.28.00-v2)
    - React-Core/Default
    - React-cxxreact (= 0.66.0-rc.4)
    - React-jsi (= 0.66.0-rc.4)
    - React-jsiexecutor (= 0.66.0-rc.4)
    - React-perflogger (= 0.66.0-rc.4)
    - Yoga
  - React-Core/RCTSettingsHeaders (0.66.0-rc.4):
    - glog
    - RCT-Folly (= 2021.06.28.00-v2)
    - React-Core/Default
    - React-cxxreact (= 0.66.0-rc.4)
    - React-jsi (= 0.66.0-rc.4)
    - React-jsiexecutor (= 0.66.0-rc.4)
    - React-perflogger (= 0.66.0-rc.4)
    - Yoga
  - React-Core/RCTTextHeaders (0.66.0-rc.4):
    - glog
    - RCT-Folly (= 2021.06.28.00-v2)
    - React-Core/Default
    - React-cxxreact (= 0.66.0-rc.4)
    - React-jsi (= 0.66.0-rc.4)
    - React-jsiexecutor (= 0.66.0-rc.4)
    - React-perflogger (= 0.66.0-rc.4)
    - Yoga
  - React-Core/RCTVibrationHeaders (0.66.0-rc.4):
    - glog
    - RCT-Folly (= 2021.06.28.00-v2)
    - React-Core/Default
    - React-cxxreact (= 0.66.0-rc.4)
    - React-jsi (= 0.66.0-rc.4)
    - React-jsiexecutor (= 0.66.0-rc.4)
    - React-perflogger (= 0.66.0-rc.4)
    - Yoga
  - React-Core/RCTWebSocket (0.66.0-rc.4):
    - glog
    - RCT-Folly (= 2021.06.28.00-v2)
    - React-Core/Default (= 0.66.0-rc.4)
    - React-cxxreact (= 0.66.0-rc.4)
    - React-jsi (= 0.66.0-rc.4)
    - React-jsiexecutor (= 0.66.0-rc.4)
    - React-perflogger (= 0.66.0-rc.4)
    - Yoga
  - React-CoreModules (0.66.0-rc.4):
    - FBReactNativeSpec (= 0.66.0-rc.4)
    - RCT-Folly (= 2021.06.28.00-v2)
    - RCTTypeSafety (= 0.66.0-rc.4)
    - React-Core/CoreModulesHeaders (= 0.66.0-rc.4)
    - React-jsi (= 0.66.0-rc.4)
    - React-RCTImage (= 0.66.0-rc.4)
    - ReactCommon/turbomodule/core (= 0.66.0-rc.4)
  - React-cxxreact (0.66.0-rc.4):
    - boost (= 1.76.0)
    - DoubleConversion
    - glog
    - RCT-Folly (= 2021.06.28.00-v2)
    - React-callinvoker (= 0.66.0-rc.4)
    - React-jsi (= 0.66.0-rc.4)
    - React-jsinspector (= 0.66.0-rc.4)
    - React-logger (= 0.66.0-rc.4)
    - React-perflogger (= 0.66.0-rc.4)
    - React-runtimeexecutor (= 0.66.0-rc.4)
  - React-jsi (0.66.0-rc.4):
    - boost (= 1.76.0)
    - DoubleConversion
    - glog
    - RCT-Folly (= 2021.06.28.00-v2)
    - React-jsi/Default (= 0.66.0-rc.4)
  - React-jsi/Default (0.66.0-rc.4):
    - boost (= 1.76.0)
    - DoubleConversion
    - glog
    - RCT-Folly (= 2021.06.28.00-v2)
  - React-jsiexecutor (0.66.0-rc.4):
    - DoubleConversion
    - glog
    - RCT-Folly (= 2021.06.28.00-v2)
    - React-cxxreact (= 0.66.0-rc.4)
    - React-jsi (= 0.66.0-rc.4)
    - React-perflogger (= 0.66.0-rc.4)
  - React-jsinspector (0.66.0-rc.4)
  - React-logger (0.66.0-rc.4):
    - glog
  - react-native-pager-view (5.4.1):
    - React-Core
  - react-native-safe-area-context (3.1.9):
    - React-Core
  - react-native-slider (4.1.7):
    - React-Core
  - React-perflogger (0.66.0-rc.4)
  - React-RCTActionSheet (0.66.0-rc.4):
    - React-Core/RCTActionSheetHeaders (= 0.66.0-rc.4)
  - React-RCTAnimation (0.66.0-rc.4):
    - FBReactNativeSpec (= 0.66.0-rc.4)
    - RCT-Folly (= 2021.06.28.00-v2)
    - RCTTypeSafety (= 0.66.0-rc.4)
    - React-Core/RCTAnimationHeaders (= 0.66.0-rc.4)
    - React-jsi (= 0.66.0-rc.4)
    - ReactCommon/turbomodule/core (= 0.66.0-rc.4)
  - React-RCTBlob (0.66.0-rc.4):
    - FBReactNativeSpec (= 0.66.0-rc.4)
    - RCT-Folly (= 2021.06.28.00-v2)
    - React-Core/RCTBlobHeaders (= 0.66.0-rc.4)
    - React-Core/RCTWebSocket (= 0.66.0-rc.4)
    - React-jsi (= 0.66.0-rc.4)
    - React-RCTNetwork (= 0.66.0-rc.4)
    - ReactCommon/turbomodule/core (= 0.66.0-rc.4)
  - React-RCTImage (0.66.0-rc.4):
    - FBReactNativeSpec (= 0.66.0-rc.4)
    - RCT-Folly (= 2021.06.28.00-v2)
    - RCTTypeSafety (= 0.66.0-rc.4)
    - React-Core/RCTImageHeaders (= 0.66.0-rc.4)
    - React-jsi (= 0.66.0-rc.4)
    - React-RCTNetwork (= 0.66.0-rc.4)
    - ReactCommon/turbomodule/core (= 0.66.0-rc.4)
  - React-RCTLinking (0.66.0-rc.4):
    - FBReactNativeSpec (= 0.66.0-rc.4)
    - React-Core/RCTLinkingHeaders (= 0.66.0-rc.4)
    - React-jsi (= 0.66.0-rc.4)
    - ReactCommon/turbomodule/core (= 0.66.0-rc.4)
  - React-RCTNetwork (0.66.0-rc.4):
    - FBReactNativeSpec (= 0.66.0-rc.4)
    - RCT-Folly (= 2021.06.28.00-v2)
    - RCTTypeSafety (= 0.66.0-rc.4)
    - React-Core/RCTNetworkHeaders (= 0.66.0-rc.4)
    - React-jsi (= 0.66.0-rc.4)
    - ReactCommon/turbomodule/core (= 0.66.0-rc.4)
  - React-RCTSettings (0.66.0-rc.4):
    - FBReactNativeSpec (= 0.66.0-rc.4)
    - RCT-Folly (= 2021.06.28.00-v2)
    - RCTTypeSafety (= 0.66.0-rc.4)
    - React-Core/RCTSettingsHeaders (= 0.66.0-rc.4)
    - React-jsi (= 0.66.0-rc.4)
    - ReactCommon/turbomodule/core (= 0.66.0-rc.4)
  - React-RCTText (0.66.0-rc.4):
    - React-Core/RCTTextHeaders (= 0.66.0-rc.4)
  - React-RCTVibration (0.66.0-rc.4):
    - FBReactNativeSpec (= 0.66.0-rc.4)
    - RCT-Folly (= 2021.06.28.00-v2)
    - React-Core/RCTVibrationHeaders (= 0.66.0-rc.4)
    - React-jsi (= 0.66.0-rc.4)
    - ReactCommon/turbomodule/core (= 0.66.0-rc.4)
  - React-runtimeexecutor (0.66.0-rc.4):
    - React-jsi (= 0.66.0-rc.4)
  - ReactCommon/turbomodule/core (0.66.0-rc.4):
    - DoubleConversion
    - glog
    - RCT-Folly (= 2021.06.28.00-v2)
    - React-callinvoker (= 0.66.0-rc.4)
    - React-Core (= 0.66.0-rc.4)
    - React-cxxreact (= 0.66.0-rc.4)
    - React-jsi (= 0.66.0-rc.4)
    - React-logger (= 0.66.0-rc.4)
    - React-perflogger (= 0.66.0-rc.4)
  - ReactCommon/turbomodule/samples (0.66.0-rc.4):
    - DoubleConversion
    - glog
    - RCT-Folly (= 2021.06.28.00-v2)
    - React-callinvoker (= 0.66.0-rc.4)
    - React-Core (= 0.66.0-rc.4)
    - React-cxxreact (= 0.66.0-rc.4)
    - React-jsi (= 0.66.0-rc.4)
    - React-logger (= 0.66.0-rc.4)
    - React-perflogger (= 0.66.0-rc.4)
    - ReactCommon/turbomodule/core (= 0.66.0-rc.4)
  - RNCMaskedView (0.1.10):
    - React
  - RNCPicker (1.8.1):
    - React-Core
  - RNGestureHandler (1.10.1):
    - React-Core
  - RNReanimated (2.3.0-beta.2):
    - DoubleConversion
    - FBLazyVector
    - FBReactNativeSpec
    - glog
    - RCT-Folly
    - RCTRequired
    - RCTTypeSafety
    - React
    - React-callinvoker
    - React-Core
    - React-Core/DevSupport
    - React-Core/RCTWebSocket
    - React-CoreModules
    - React-cxxreact
    - React-jsi
    - React-jsiexecutor
    - React-jsinspector
    - React-RCTActionSheet
    - React-RCTAnimation
    - React-RCTBlob
    - React-RCTImage
    - React-RCTLinking
    - React-RCTNetwork
    - React-RCTSettings
    - React-RCTText
    - React-RCTVibration
    - ReactCommon/turbomodule/core
    - Yoga
  - RNScreens (3.6.0):
    - React-Core
    - React-RCTImage
  - RNSVG (12.1.0):
    - React
  - Yoga (1.14.0)

DEPENDENCIES:
  - boost (from `../node_modules/react-native/third-party-podspecs/boost.podspec`)
  - DoubleConversion (from `../node_modules/react-native/third-party-podspecs/DoubleConversion.podspec`)
  - FBLazyVector (from `../node_modules/react-native/Libraries/FBLazyVector`)
  - FBReactNativeSpec (from `../node_modules/react-native/React/FBReactNativeSpec`)
  - glog (from `../node_modules/react-native/third-party-podspecs/glog.podspec`)
  - RCT-Folly (from `../node_modules/react-native/third-party-podspecs/RCT-Folly.podspec`)
  - RCTRequired (from `../node_modules/react-native/Libraries/RCTRequired`)
  - RCTTypeSafety (from `../node_modules/react-native/Libraries/TypeSafety`)
  - React (from `../node_modules/react-native/`)
  - React-callinvoker (from `../node_modules/react-native/ReactCommon/callinvoker`)
  - React-Core (from `../node_modules/react-native/`)
  - React-Core/DevSupport (from `../node_modules/react-native/`)
  - React-Core/RCTWebSocket (from `../node_modules/react-native/`)
  - React-CoreModules (from `../node_modules/react-native/React/CoreModules`)
  - React-cxxreact (from `../node_modules/react-native/ReactCommon/cxxreact`)
  - React-jsi (from `../node_modules/react-native/ReactCommon/jsi`)
  - React-jsiexecutor (from `../node_modules/react-native/ReactCommon/jsiexecutor`)
  - React-jsinspector (from `../node_modules/react-native/ReactCommon/jsinspector`)
  - React-logger (from `../node_modules/react-native/ReactCommon/logger`)
  - react-native-pager-view (from `../node_modules/react-native-pager-view`)
  - react-native-safe-area-context (from `../node_modules/react-native-safe-area-context`)
  - "react-native-slider (from `../node_modules/@react-native-community/slider`)"
  - React-perflogger (from `../node_modules/react-native/ReactCommon/reactperflogger`)
  - React-RCTActionSheet (from `../node_modules/react-native/Libraries/ActionSheetIOS`)
  - React-RCTAnimation (from `../node_modules/react-native/Libraries/NativeAnimation`)
  - React-RCTBlob (from `../node_modules/react-native/Libraries/Blob`)
  - React-RCTImage (from `../node_modules/react-native/Libraries/Image`)
  - React-RCTLinking (from `../node_modules/react-native/Libraries/LinkingIOS`)
  - React-RCTNetwork (from `../node_modules/react-native/Libraries/Network`)
  - React-RCTSettings (from `../node_modules/react-native/Libraries/Settings`)
  - React-RCTText (from `../node_modules/react-native/Libraries/Text`)
  - React-RCTVibration (from `../node_modules/react-native/Libraries/Vibration`)
  - React-runtimeexecutor (from `../node_modules/react-native/ReactCommon/runtimeexecutor`)
  - ReactCommon/turbomodule/core (from `../node_modules/react-native/ReactCommon`)
  - ReactCommon/turbomodule/samples (from `../node_modules/react-native/ReactCommon`)
  - "RNCMaskedView (from `../node_modules/@react-native-community/masked-view`)"
  - "RNCPicker (from `../node_modules/@react-native-community/picker`)"
  - RNGestureHandler (from `../node_modules/react-native-gesture-handler`)
  - RNReanimated (from `../../`)
  - RNScreens (from `../node_modules/react-native-screens`)
  - RNSVG (from `../node_modules/react-native-svg`)
  - Yoga (from `../node_modules/react-native/ReactCommon/yoga`)

SPEC REPOS:
  trunk:
    - fmt

EXTERNAL SOURCES:
  boost:
    :podspec: "../node_modules/react-native/third-party-podspecs/boost.podspec"
  DoubleConversion:
    :podspec: "../node_modules/react-native/third-party-podspecs/DoubleConversion.podspec"
  FBLazyVector:
    :path: "../node_modules/react-native/Libraries/FBLazyVector"
  FBReactNativeSpec:
    :path: "../node_modules/react-native/React/FBReactNativeSpec"
  glog:
    :podspec: "../node_modules/react-native/third-party-podspecs/glog.podspec"
  RCT-Folly:
    :podspec: "../node_modules/react-native/third-party-podspecs/RCT-Folly.podspec"
  RCTRequired:
    :path: "../node_modules/react-native/Libraries/RCTRequired"
  RCTTypeSafety:
    :path: "../node_modules/react-native/Libraries/TypeSafety"
  React:
    :path: "../node_modules/react-native/"
  React-callinvoker:
    :path: "../node_modules/react-native/ReactCommon/callinvoker"
  React-Core:
    :path: "../node_modules/react-native/"
  React-CoreModules:
    :path: "../node_modules/react-native/React/CoreModules"
  React-cxxreact:
    :path: "../node_modules/react-native/ReactCommon/cxxreact"
  React-jsi:
    :path: "../node_modules/react-native/ReactCommon/jsi"
  React-jsiexecutor:
    :path: "../node_modules/react-native/ReactCommon/jsiexecutor"
  React-jsinspector:
    :path: "../node_modules/react-native/ReactCommon/jsinspector"
  React-logger:
    :path: "../node_modules/react-native/ReactCommon/logger"
  react-native-pager-view:
    :path: "../node_modules/react-native-pager-view"
  react-native-safe-area-context:
    :path: "../node_modules/react-native-safe-area-context"
  react-native-slider:
    :path: "../node_modules/@react-native-community/slider"
  React-perflogger:
    :path: "../node_modules/react-native/ReactCommon/reactperflogger"
  React-RCTActionSheet:
    :path: "../node_modules/react-native/Libraries/ActionSheetIOS"
  React-RCTAnimation:
    :path: "../node_modules/react-native/Libraries/NativeAnimation"
  React-RCTBlob:
    :path: "../node_modules/react-native/Libraries/Blob"
  React-RCTImage:
    :path: "../node_modules/react-native/Libraries/Image"
  React-RCTLinking:
    :path: "../node_modules/react-native/Libraries/LinkingIOS"
  React-RCTNetwork:
    :path: "../node_modules/react-native/Libraries/Network"
  React-RCTSettings:
    :path: "../node_modules/react-native/Libraries/Settings"
  React-RCTText:
    :path: "../node_modules/react-native/Libraries/Text"
  React-RCTVibration:
    :path: "../node_modules/react-native/Libraries/Vibration"
  React-runtimeexecutor:
    :path: "../node_modules/react-native/ReactCommon/runtimeexecutor"
  ReactCommon:
    :path: "../node_modules/react-native/ReactCommon"
  RNCMaskedView:
    :path: "../node_modules/@react-native-community/masked-view"
  RNCPicker:
    :path: "../node_modules/@react-native-community/picker"
  RNGestureHandler:
    :path: "../node_modules/react-native-gesture-handler"
  RNReanimated:
    :path: "../../"
  RNScreens:
    :path: "../node_modules/react-native-screens"
  RNSVG:
    :path: "../node_modules/react-native-svg"
  Yoga:
    :path: "../node_modules/react-native/ReactCommon/yoga"

SPEC CHECKSUMS:
  boost: a7c83b31436843459a1961bfd74b96033dc77234
  DoubleConversion: 831926d9b8bf8166fd87886c4abab286c2422662
  FBLazyVector: 44c41354a76955864b3d6227b5f338f2ca481ff4
  FBReactNativeSpec: 97b28c619d0e565da0e2d182a703cf1a6d2d0f63
  fmt: ff9d55029c625d3757ed641535fd4a75fedc7ce9
  glog: 5337263514dd6f09803962437687240c5dc39aa4
  RCT-Folly: a21c126816d8025b547704b777a2ba552f3d9fa9
  RCTRequired: b8bd380788aa0fad4be1e26752f03162be18f829
  RCTTypeSafety: 64acbf4f54c69b3c01b264ab868109064ef74147
  React: 34ae3469c3c465c4823a21392f3c627130c3f02b
  React-callinvoker: 9f65cabb5286b224ac0582eb89726a624b29848a
  React-Core: ca5e82c26ab8627407101698fe4642f941956bdf
  React-CoreModules: a7657bff50180a39d62a0a4cb657693d5cba8e1a
  React-cxxreact: a2ea5dd108c2199f7e1c9a27b7c4b6fd571b00d8
  React-jsi: ccc2853d0d9e328e2394e369d7a65c7b1491c87c
  React-jsiexecutor: c463c31a76c32cfaa0c1354ddba8f05d5aaa6a0c
  React-jsinspector: 9b8acfcce07be90f66969b2d9c543bd6b5e90f43
  React-logger: c63bf8b7722923563b0f257c62a4c38c64c4b870
  react-native-pager-view: 43f51f45f37ec9715f6c188e4af46ccdf79872e8
  react-native-safe-area-context: b6e0e284002381d2ff29fa4fff42b4d8282e3c94
  react-native-slider: 269d81247e2a87358ee03241da55b00c919e4d7a
  React-perflogger: 8fd84be6032fd3f065d590738d7a63e607f40212
  React-RCTActionSheet: 0160839401fff738de248222bb8b93ca0a3e4e68
  React-RCTAnimation: 9f45836c810fc355a4bdbdd1113cefea0fc7a453
  React-RCTBlob: 57cbffcdb41523b11cacb2aaa4bbf5baf772f44c
  React-RCTImage: ba9c35a4e18d0d614db98a28a0c66fc22f971534
  React-RCTLinking: a317269591212cd454d84450fe75cc5915986381
  React-RCTNetwork: 33fdbeeceadd59dc7fe2904dc429d44eab7f6ace
  React-RCTSettings: 45f9d38ebfdc0357f39a8944bb89031bfc17d241
  React-RCTText: f7f586867700d63c3eb565317f76abaca399bf54
  React-RCTVibration: 7551dea66c9dacdc9a9b43024273984d1d6be7da
  React-runtimeexecutor: 27256640cd38a56eca29727579b7659cbf92144c
  ReactCommon: c6aa72c294928f0436798383d84ee4cca09e6a3d
  RNCMaskedView: 5a8ec07677aa885546a0d98da336457e2bea557f
  RNCPicker: 914b557e20b3b8317b084aca9ff4b4edb95f61e4
  RNGestureHandler: 5e58135436aacc1c5d29b75547d3d2b9430d052c
  RNReanimated: 0a220d11e97e5de1c552e943a9a3f89b06c2cbf2
  RNScreens: eb0dfb2d6b21d2d7f980ad46b14eb306d2f1062e
  RNSVG: ce9d996113475209013317e48b05c21ee988d42e
  Yoga: 993072c74154c30d07c9cae300322348f0f67e25

PODFILE CHECKSUM: 25fd0672c3ba04ab3b75893e5e63265b45d70e0b

COCOAPODS: 1.10.1
