PODS:
  - boost (1.76.0)
  - CocoaAsyncSocket (7.6.5)
  - DoubleConversion (1.1.6)
  - FBLazyVector (0.0.0-20221203-2022-3e9141569)
  - FBReactNativeSpec (0.0.0-20221203-2022-3e9141569):
    - RCT-Folly (= 2021.07.22.00)
    - RCTRequired (= 0.0.0-20221203-2022-3e9141569)
    - RCTTypeSafety (= 0.0.0-20221203-2022-3e9141569)
    - React-Core (= 0.0.0-20221203-2022-3e9141569)
    - React-jsi (= 0.0.0-20221203-2022-3e9141569)
    - ReactCommon/turbomodule/core (= 0.0.0-20221203-2022-3e9141569)
  - Flipper (0.125.0):
    - Flipper-Folly (~> 2.6)
    - Flipper-RSocket (~> 1.4)
  - Flipper-Boost-iOSX (1.76.0.1.11)
  - Flipper-DoubleConversion (3.2.0.1)
  - Flipper-Fmt (7.1.7)
  - Flipper-Folly (2.6.10):
    - Flipper-Boost-iOSX
    - Flipper-DoubleConversion
    - Flipper-Fmt (= 7.1.7)
    - Flipper-Glog
    - libevent (~> 2.1.12)
    - OpenSSL-Universal (= 1.1.1100)
  - Flipper-Glog (0.5.0.5)
  - Flipper-PeerTalk (0.0.4)
  - Flipper-RSocket (1.4.3):
    - Flipper-Folly (~> 2.6)
  - FlipperKit (0.125.0):
    - FlipperKit/Core (= 0.125.0)
  - FlipperKit/Core (0.125.0):
    - Flipper (~> 0.125.0)
    - FlipperKit/CppBridge
    - FlipperKit/FBCxxFollyDynamicConvert
    - FlipperKit/FBDefines
    - FlipperKit/FKPortForwarding
    - SocketRocket (~> 0.6.0)
  - FlipperKit/CppBridge (0.125.0):
    - Flipper (~> 0.125.0)
  - FlipperKit/FBCxxFollyDynamicConvert (0.125.0):
    - Flipper-Folly (~> 2.6)
  - FlipperKit/FBDefines (0.125.0)
  - FlipperKit/FKPortForwarding (0.125.0):
    - CocoaAsyncSocket (~> 7.6)
    - Flipper-PeerTalk (~> 0.0.4)
  - FlipperKit/FlipperKitHighlightOverlay (0.125.0)
  - FlipperKit/FlipperKitLayoutHelpers (0.125.0):
    - FlipperKit/Core
    - FlipperKit/FlipperKitHighlightOverlay
    - FlipperKit/FlipperKitLayoutTextSearchable
  - FlipperKit/FlipperKitLayoutIOSDescriptors (0.125.0):
    - FlipperKit/Core
    - FlipperKit/FlipperKitHighlightOverlay
    - FlipperKit/FlipperKitLayoutHelpers
    - YogaKit (~> 1.18)
  - FlipperKit/FlipperKitLayoutPlugin (0.125.0):
    - FlipperKit/Core
    - FlipperKit/FlipperKitHighlightOverlay
    - FlipperKit/FlipperKitLayoutHelpers
    - FlipperKit/FlipperKitLayoutIOSDescriptors
    - FlipperKit/FlipperKitLayoutTextSearchable
    - YogaKit (~> 1.18)
  - FlipperKit/FlipperKitLayoutTextSearchable (0.125.0)
  - FlipperKit/FlipperKitNetworkPlugin (0.125.0):
    - FlipperKit/Core
  - FlipperKit/FlipperKitReactPlugin (0.125.0):
    - FlipperKit/Core
  - FlipperKit/FlipperKitUserDefaultsPlugin (0.125.0):
    - FlipperKit/Core
  - FlipperKit/SKIOSNetworkPlugin (0.125.0):
    - FlipperKit/Core
    - FlipperKit/FlipperKitNetworkPlugin
  - fmt (6.2.1)
  - glog (0.3.5)
  - libevent (2.1.12)
  - OpenSSL-Universal (1.1.1100)
  - RCT-Folly (2021.07.22.00):
    - boost
    - DoubleConversion
    - fmt (~> 6.2.1)
    - glog
    - RCT-Folly/Default (= 2021.07.22.00)
  - RCT-Folly/Default (2021.07.22.00):
    - boost
    - DoubleConversion
    - fmt (~> 6.2.1)
    - glog
  - RCT-Folly/Fabric (2021.07.22.00):
    - boost
    - DoubleConversion
    - fmt (~> 6.2.1)
    - glog
  - RCTRequired (0.0.0-20221203-2022-3e9141569)
  - RCTTypeSafety (0.0.0-20221203-2022-3e9141569):
    - FBLazyVector (= 0.0.0-20221203-2022-3e9141569)
    - RCTRequired (= 0.0.0-20221203-2022-3e9141569)
    - React-Core (= 0.0.0-20221203-2022-3e9141569)
  - React (0.0.0-20221203-2022-3e9141569):
    - React-Core (= 0.0.0-20221203-2022-3e9141569)
    - React-Core/DevSupport (= 0.0.0-20221203-2022-3e9141569)
    - React-Core/RCTWebSocket (= 0.0.0-20221203-2022-3e9141569)
    - React-RCTActionSheet (= 0.0.0-20221203-2022-3e9141569)
    - React-RCTAnimation (= 0.0.0-20221203-2022-3e9141569)
    - React-RCTBlob (= 0.0.0-20221203-2022-3e9141569)
    - React-RCTImage (= 0.0.0-20221203-2022-3e9141569)
    - React-RCTLinking (= 0.0.0-20221203-2022-3e9141569)
    - React-RCTNetwork (= 0.0.0-20221203-2022-3e9141569)
    - React-RCTSettings (= 0.0.0-20221203-2022-3e9141569)
    - React-RCTText (= 0.0.0-20221203-2022-3e9141569)
    - React-RCTVibration (= 0.0.0-20221203-2022-3e9141569)
  - React-callinvoker (0.0.0-20221203-2022-3e9141569)
  - React-Codegen (0.0.0-20221203-2022-3e9141569):
    - FBReactNativeSpec
    - RCT-Folly
    - RCTRequired
    - RCTTypeSafety
    - React-Core
    - React-graphics
    - React-jsc
    - React-jsi
    - React-jsiexecutor
    - React-rncore
    - ReactCommon/turbomodule/bridging
    - ReactCommon/turbomodule/core
  - React-Core (0.0.0-20221203-2022-3e9141569):
    - glog
    - RCT-Folly (= 2021.07.22.00)
    - React-Core/Default (= 0.0.0-20221203-2022-3e9141569)
    - React-cxxreact (= 0.0.0-20221203-2022-3e9141569)
    - React-jsi (= 0.0.0-20221203-2022-3e9141569)
    - React-jsiexecutor (= 0.0.0-20221203-2022-3e9141569)
    - React-perflogger (= 0.0.0-20221203-2022-3e9141569)
    - Yoga
  - React-Core/CoreModulesHeaders (0.0.0-20221203-2022-3e9141569):
    - glog
    - RCT-Folly (= 2021.07.22.00)
    - React-Core/Default
    - React-cxxreact (= 0.0.0-20221203-2022-3e9141569)
    - React-jsi (= 0.0.0-20221203-2022-3e9141569)
    - React-jsiexecutor (= 0.0.0-20221203-2022-3e9141569)
    - React-perflogger (= 0.0.0-20221203-2022-3e9141569)
    - Yoga
  - React-Core/Default (0.0.0-20221203-2022-3e9141569):
    - glog
    - RCT-Folly (= 2021.07.22.00)
    - React-cxxreact (= 0.0.0-20221203-2022-3e9141569)
    - React-jsi (= 0.0.0-20221203-2022-3e9141569)
    - React-jsiexecutor (= 0.0.0-20221203-2022-3e9141569)
    - React-perflogger (= 0.0.0-20221203-2022-3e9141569)
    - Yoga
  - React-Core/DevSupport (0.0.0-20221203-2022-3e9141569):
    - glog
    - RCT-Folly (= 2021.07.22.00)
    - React-Core/Default (= 0.0.0-20221203-2022-3e9141569)
    - React-Core/RCTWebSocket (= 0.0.0-20221203-2022-3e9141569)
    - React-cxxreact (= 0.0.0-20221203-2022-3e9141569)
    - React-jsi (= 0.0.0-20221203-2022-3e9141569)
    - React-jsiexecutor (= 0.0.0-20221203-2022-3e9141569)
    - React-jsinspector (= 0.0.0-20221203-2022-3e9141569)
    - React-perflogger (= 0.0.0-20221203-2022-3e9141569)
    - Yoga
  - React-Core/RCTActionSheetHeaders (0.0.0-20221203-2022-3e9141569):
    - glog
    - RCT-Folly (= 2021.07.22.00)
    - React-Core/Default
    - React-cxxreact (= 0.0.0-20221203-2022-3e9141569)
    - React-jsi (= 0.0.0-20221203-2022-3e9141569)
    - React-jsiexecutor (= 0.0.0-20221203-2022-3e9141569)
    - React-perflogger (= 0.0.0-20221203-2022-3e9141569)
    - Yoga
  - React-Core/RCTAnimationHeaders (0.0.0-20221203-2022-3e9141569):
    - glog
    - RCT-Folly (= 2021.07.22.00)
    - React-Core/Default
    - React-cxxreact (= 0.0.0-20221203-2022-3e9141569)
    - React-jsi (= 0.0.0-20221203-2022-3e9141569)
    - React-jsiexecutor (= 0.0.0-20221203-2022-3e9141569)
    - React-perflogger (= 0.0.0-20221203-2022-3e9141569)
    - Yoga
  - React-Core/RCTBlobHeaders (0.0.0-20221203-2022-3e9141569):
    - glog
    - RCT-Folly (= 2021.07.22.00)
    - React-Core/Default
    - React-cxxreact (= 0.0.0-20221203-2022-3e9141569)
    - React-jsi (= 0.0.0-20221203-2022-3e9141569)
    - React-jsiexecutor (= 0.0.0-20221203-2022-3e9141569)
    - React-perflogger (= 0.0.0-20221203-2022-3e9141569)
    - Yoga
  - React-Core/RCTImageHeaders (0.0.0-20221203-2022-3e9141569):
    - glog
    - RCT-Folly (= 2021.07.22.00)
    - React-Core/Default
    - React-cxxreact (= 0.0.0-20221203-2022-3e9141569)
    - React-jsi (= 0.0.0-20221203-2022-3e9141569)
    - React-jsiexecutor (= 0.0.0-20221203-2022-3e9141569)
    - React-perflogger (= 0.0.0-20221203-2022-3e9141569)
    - Yoga
  - React-Core/RCTLinkingHeaders (0.0.0-20221203-2022-3e9141569):
    - glog
    - RCT-Folly (= 2021.07.22.00)
    - React-Core/Default
    - React-cxxreact (= 0.0.0-20221203-2022-3e9141569)
    - React-jsi (= 0.0.0-20221203-2022-3e9141569)
    - React-jsiexecutor (= 0.0.0-20221203-2022-3e9141569)
    - React-perflogger (= 0.0.0-20221203-2022-3e9141569)
    - Yoga
  - React-Core/RCTNetworkHeaders (0.0.0-20221203-2022-3e9141569):
    - glog
    - RCT-Folly (= 2021.07.22.00)
    - React-Core/Default
    - React-cxxreact (= 0.0.0-20221203-2022-3e9141569)
    - React-jsi (= 0.0.0-20221203-2022-3e9141569)
    - React-jsiexecutor (= 0.0.0-20221203-2022-3e9141569)
    - React-perflogger (= 0.0.0-20221203-2022-3e9141569)
    - Yoga
  - React-Core/RCTSettingsHeaders (0.0.0-20221203-2022-3e9141569):
    - glog
    - RCT-Folly (= 2021.07.22.00)
    - React-Core/Default
    - React-cxxreact (= 0.0.0-20221203-2022-3e9141569)
    - React-jsi (= 0.0.0-20221203-2022-3e9141569)
    - React-jsiexecutor (= 0.0.0-20221203-2022-3e9141569)
    - React-perflogger (= 0.0.0-20221203-2022-3e9141569)
    - Yoga
  - React-Core/RCTTextHeaders (0.0.0-20221203-2022-3e9141569):
    - glog
    - RCT-Folly (= 2021.07.22.00)
    - React-Core/Default
    - React-cxxreact (= 0.0.0-20221203-2022-3e9141569)
    - React-jsi (= 0.0.0-20221203-2022-3e9141569)
    - React-jsiexecutor (= 0.0.0-20221203-2022-3e9141569)
    - React-perflogger (= 0.0.0-20221203-2022-3e9141569)
    - Yoga
  - React-Core/RCTVibrationHeaders (0.0.0-20221203-2022-3e9141569):
    - glog
    - RCT-Folly (= 2021.07.22.00)
    - React-Core/Default
    - React-cxxreact (= 0.0.0-20221203-2022-3e9141569)
    - React-jsi (= 0.0.0-20221203-2022-3e9141569)
    - React-jsiexecutor (= 0.0.0-20221203-2022-3e9141569)
    - React-perflogger (= 0.0.0-20221203-2022-3e9141569)
    - Yoga
  - React-Core/RCTWebSocket (0.0.0-20221203-2022-3e9141569):
    - glog
    - RCT-Folly (= 2021.07.22.00)
    - React-Core/Default (= 0.0.0-20221203-2022-3e9141569)
    - React-cxxreact (= 0.0.0-20221203-2022-3e9141569)
    - React-jsi (= 0.0.0-20221203-2022-3e9141569)
    - React-jsiexecutor (= 0.0.0-20221203-2022-3e9141569)
    - React-perflogger (= 0.0.0-20221203-2022-3e9141569)
    - Yoga
  - React-CoreModules (0.0.0-20221203-2022-3e9141569):
    - RCT-Folly (= 2021.07.22.00)
    - RCTTypeSafety (= 0.0.0-20221203-2022-3e9141569)
    - React-Codegen (= 0.0.0-20221203-2022-3e9141569)
    - React-Core/CoreModulesHeaders (= 0.0.0-20221203-2022-3e9141569)
    - React-jsi (= 0.0.0-20221203-2022-3e9141569)
    - React-RCTImage (= 0.0.0-20221203-2022-3e9141569)
    - ReactCommon/turbomodule/core (= 0.0.0-20221203-2022-3e9141569)
  - React-cxxreact (0.0.0-20221203-2022-3e9141569):
    - boost (= 1.76.0)
    - DoubleConversion
    - glog
    - RCT-Folly (= 2021.07.22.00)
    - React-callinvoker (= 0.0.0-20221203-2022-3e9141569)
    - React-jsi (= 0.0.0-20221203-2022-3e9141569)
    - React-jsinspector (= 0.0.0-20221203-2022-3e9141569)
    - React-logger (= 0.0.0-20221203-2022-3e9141569)
    - React-perflogger (= 0.0.0-20221203-2022-3e9141569)
    - React-runtimeexecutor (= 0.0.0-20221203-2022-3e9141569)
  - React-Fabric (0.0.0-20221203-2022-3e9141569):
    - RCT-Folly/Fabric (= 2021.07.22.00)
    - RCTRequired (= 0.0.0-20221203-2022-3e9141569)
    - RCTTypeSafety (= 0.0.0-20221203-2022-3e9141569)
    - React-Fabric/animations (= 0.0.0-20221203-2022-3e9141569)
    - React-Fabric/attributedstring (= 0.0.0-20221203-2022-3e9141569)
    - React-Fabric/butter (= 0.0.0-20221203-2022-3e9141569)
    - React-Fabric/componentregistry (= 0.0.0-20221203-2022-3e9141569)
    - React-Fabric/componentregistrynative (= 0.0.0-20221203-2022-3e9141569)
    - React-Fabric/components (= 0.0.0-20221203-2022-3e9141569)
    - React-Fabric/config (= 0.0.0-20221203-2022-3e9141569)
    - React-Fabric/core (= 0.0.0-20221203-2022-3e9141569)
    - React-Fabric/debug_core (= 0.0.0-20221203-2022-3e9141569)
    - React-Fabric/debug_renderer (= 0.0.0-20221203-2022-3e9141569)
    - React-Fabric/imagemanager (= 0.0.0-20221203-2022-3e9141569)
    - React-Fabric/leakchecker (= 0.0.0-20221203-2022-3e9141569)
    - React-Fabric/mapbuffer (= 0.0.0-20221203-2022-3e9141569)
    - React-Fabric/mounting (= 0.0.0-20221203-2022-3e9141569)
    - React-Fabric/runtimescheduler (= 0.0.0-20221203-2022-3e9141569)
    - React-Fabric/scheduler (= 0.0.0-20221203-2022-3e9141569)
    - React-Fabric/telemetry (= 0.0.0-20221203-2022-3e9141569)
    - React-Fabric/templateprocessor (= 0.0.0-20221203-2022-3e9141569)
    - React-Fabric/textlayoutmanager (= 0.0.0-20221203-2022-3e9141569)
    - React-Fabric/uimanager (= 0.0.0-20221203-2022-3e9141569)
    - React-Fabric/utils (= 0.0.0-20221203-2022-3e9141569)
    - React-graphics (= 0.0.0-20221203-2022-3e9141569)
    - React-jsi (= 0.0.0-20221203-2022-3e9141569)
    - React-jsiexecutor (= 0.0.0-20221203-2022-3e9141569)
    - ReactCommon/turbomodule/core (= 0.0.0-20221203-2022-3e9141569)
  - React-Fabric/animations (0.0.0-20221203-2022-3e9141569):
    - RCT-Folly/Fabric (= 2021.07.22.00)
    - RCTRequired (= 0.0.0-20221203-2022-3e9141569)
    - RCTTypeSafety (= 0.0.0-20221203-2022-3e9141569)
    - React-graphics (= 0.0.0-20221203-2022-3e9141569)
    - React-jsi (= 0.0.0-20221203-2022-3e9141569)
    - React-jsiexecutor (= 0.0.0-20221203-2022-3e9141569)
    - ReactCommon/turbomodule/core (= 0.0.0-20221203-2022-3e9141569)
  - React-Fabric/attributedstring (0.0.0-20221203-2022-3e9141569):
    - RCT-Folly/Fabric (= 2021.07.22.00)
    - RCTRequired (= 0.0.0-20221203-2022-3e9141569)
    - RCTTypeSafety (= 0.0.0-20221203-2022-3e9141569)
    - React-graphics (= 0.0.0-20221203-2022-3e9141569)
    - React-jsi (= 0.0.0-20221203-2022-3e9141569)
    - React-jsiexecutor (= 0.0.0-20221203-2022-3e9141569)
    - ReactCommon/turbomodule/core (= 0.0.0-20221203-2022-3e9141569)
  - React-Fabric/butter (0.0.0-20221203-2022-3e9141569):
    - RCT-Folly/Fabric (= 2021.07.22.00)
    - RCTRequired (= 0.0.0-20221203-2022-3e9141569)
    - RCTTypeSafety (= 0.0.0-20221203-2022-3e9141569)
    - React-graphics (= 0.0.0-20221203-2022-3e9141569)
    - React-jsi (= 0.0.0-20221203-2022-3e9141569)
    - React-jsiexecutor (= 0.0.0-20221203-2022-3e9141569)
    - ReactCommon/turbomodule/core (= 0.0.0-20221203-2022-3e9141569)
  - React-Fabric/componentregistry (0.0.0-20221203-2022-3e9141569):
    - RCT-Folly/Fabric (= 2021.07.22.00)
    - RCTRequired (= 0.0.0-20221203-2022-3e9141569)
    - RCTTypeSafety (= 0.0.0-20221203-2022-3e9141569)
    - React-graphics (= 0.0.0-20221203-2022-3e9141569)
    - React-jsi (= 0.0.0-20221203-2022-3e9141569)
    - React-jsiexecutor (= 0.0.0-20221203-2022-3e9141569)
    - ReactCommon/turbomodule/core (= 0.0.0-20221203-2022-3e9141569)
  - React-Fabric/componentregistrynative (0.0.0-20221203-2022-3e9141569):
    - RCT-Folly/Fabric (= 2021.07.22.00)
    - RCTRequired (= 0.0.0-20221203-2022-3e9141569)
    - RCTTypeSafety (= 0.0.0-20221203-2022-3e9141569)
    - React-graphics (= 0.0.0-20221203-2022-3e9141569)
    - React-jsi (= 0.0.0-20221203-2022-3e9141569)
    - React-jsiexecutor (= 0.0.0-20221203-2022-3e9141569)
    - ReactCommon/turbomodule/core (= 0.0.0-20221203-2022-3e9141569)
  - React-Fabric/components (0.0.0-20221203-2022-3e9141569):
    - RCT-Folly/Fabric (= 2021.07.22.00)
    - RCTRequired (= 0.0.0-20221203-2022-3e9141569)
    - RCTTypeSafety (= 0.0.0-20221203-2022-3e9141569)
    - React-Fabric/components/activityindicator (= 0.0.0-20221203-2022-3e9141569)
    - React-Fabric/components/image (= 0.0.0-20221203-2022-3e9141569)
    - React-Fabric/components/inputaccessory (= 0.0.0-20221203-2022-3e9141569)
    - React-Fabric/components/legacyviewmanagerinterop (= 0.0.0-20221203-2022-3e9141569)
    - React-Fabric/components/modal (= 0.0.0-20221203-2022-3e9141569)
    - React-Fabric/components/root (= 0.0.0-20221203-2022-3e9141569)
    - React-Fabric/components/safeareaview (= 0.0.0-20221203-2022-3e9141569)
    - React-Fabric/components/scrollview (= 0.0.0-20221203-2022-3e9141569)
    - React-Fabric/components/slider (= 0.0.0-20221203-2022-3e9141569)
    - React-Fabric/components/text (= 0.0.0-20221203-2022-3e9141569)
    - React-Fabric/components/textinput (= 0.0.0-20221203-2022-3e9141569)
    - React-Fabric/components/unimplementedview (= 0.0.0-20221203-2022-3e9141569)
    - React-Fabric/components/view (= 0.0.0-20221203-2022-3e9141569)
    - React-graphics (= 0.0.0-20221203-2022-3e9141569)
    - React-jsi (= 0.0.0-20221203-2022-3e9141569)
    - React-jsiexecutor (= 0.0.0-20221203-2022-3e9141569)
    - ReactCommon/turbomodule/core (= 0.0.0-20221203-2022-3e9141569)
  - React-Fabric/components/activityindicator (0.0.0-20221203-2022-3e9141569):
    - RCT-Folly/Fabric (= 2021.07.22.00)
    - RCTRequired (= 0.0.0-20221203-2022-3e9141569)
    - RCTTypeSafety (= 0.0.0-20221203-2022-3e9141569)
    - React-graphics (= 0.0.0-20221203-2022-3e9141569)
    - React-jsi (= 0.0.0-20221203-2022-3e9141569)
    - React-jsiexecutor (= 0.0.0-20221203-2022-3e9141569)
    - ReactCommon/turbomodule/core (= 0.0.0-20221203-2022-3e9141569)
  - React-Fabric/components/image (0.0.0-20221203-2022-3e9141569):
    - RCT-Folly/Fabric (= 2021.07.22.00)
    - RCTRequired (= 0.0.0-20221203-2022-3e9141569)
    - RCTTypeSafety (= 0.0.0-20221203-2022-3e9141569)
    - React-graphics (= 0.0.0-20221203-2022-3e9141569)
    - React-jsi (= 0.0.0-20221203-2022-3e9141569)
    - React-jsiexecutor (= 0.0.0-20221203-2022-3e9141569)
    - ReactCommon/turbomodule/core (= 0.0.0-20221203-2022-3e9141569)
  - React-Fabric/components/inputaccessory (0.0.0-20221203-2022-3e9141569):
    - RCT-Folly/Fabric (= 2021.07.22.00)
    - RCTRequired (= 0.0.0-20221203-2022-3e9141569)
    - RCTTypeSafety (= 0.0.0-20221203-2022-3e9141569)
    - React-graphics (= 0.0.0-20221203-2022-3e9141569)
    - React-jsi (= 0.0.0-20221203-2022-3e9141569)
    - React-jsiexecutor (= 0.0.0-20221203-2022-3e9141569)
    - ReactCommon/turbomodule/core (= 0.0.0-20221203-2022-3e9141569)
  - React-Fabric/components/legacyviewmanagerinterop (0.0.0-20221203-2022-3e9141569):
    - RCT-Folly/Fabric (= 2021.07.22.00)
    - RCTRequired (= 0.0.0-20221203-2022-3e9141569)
    - RCTTypeSafety (= 0.0.0-20221203-2022-3e9141569)
    - React-graphics (= 0.0.0-20221203-2022-3e9141569)
    - React-jsi (= 0.0.0-20221203-2022-3e9141569)
    - React-jsiexecutor (= 0.0.0-20221203-2022-3e9141569)
    - ReactCommon/turbomodule/core (= 0.0.0-20221203-2022-3e9141569)
  - React-Fabric/components/modal (0.0.0-20221203-2022-3e9141569):
    - RCT-Folly/Fabric (= 2021.07.22.00)
    - RCTRequired (= 0.0.0-20221203-2022-3e9141569)
    - RCTTypeSafety (= 0.0.0-20221203-2022-3e9141569)
    - React-graphics (= 0.0.0-20221203-2022-3e9141569)
    - React-jsi (= 0.0.0-20221203-2022-3e9141569)
    - React-jsiexecutor (= 0.0.0-20221203-2022-3e9141569)
    - ReactCommon/turbomodule/core (= 0.0.0-20221203-2022-3e9141569)
  - React-Fabric/components/root (0.0.0-20221203-2022-3e9141569):
    - RCT-Folly/Fabric (= 2021.07.22.00)
    - RCTRequired (= 0.0.0-20221203-2022-3e9141569)
    - RCTTypeSafety (= 0.0.0-20221203-2022-3e9141569)
    - React-graphics (= 0.0.0-20221203-2022-3e9141569)
    - React-jsi (= 0.0.0-20221203-2022-3e9141569)
    - React-jsiexecutor (= 0.0.0-20221203-2022-3e9141569)
    - ReactCommon/turbomodule/core (= 0.0.0-20221203-2022-3e9141569)
  - React-Fabric/components/safeareaview (0.0.0-20221203-2022-3e9141569):
    - RCT-Folly/Fabric (= 2021.07.22.00)
    - RCTRequired (= 0.0.0-20221203-2022-3e9141569)
    - RCTTypeSafety (= 0.0.0-20221203-2022-3e9141569)
    - React-graphics (= 0.0.0-20221203-2022-3e9141569)
    - React-jsi (= 0.0.0-20221203-2022-3e9141569)
    - React-jsiexecutor (= 0.0.0-20221203-2022-3e9141569)
    - ReactCommon/turbomodule/core (= 0.0.0-20221203-2022-3e9141569)
  - React-Fabric/components/scrollview (0.0.0-20221203-2022-3e9141569):
    - RCT-Folly/Fabric (= 2021.07.22.00)
    - RCTRequired (= 0.0.0-20221203-2022-3e9141569)
    - RCTTypeSafety (= 0.0.0-20221203-2022-3e9141569)
    - React-graphics (= 0.0.0-20221203-2022-3e9141569)
    - React-jsi (= 0.0.0-20221203-2022-3e9141569)
    - React-jsiexecutor (= 0.0.0-20221203-2022-3e9141569)
    - ReactCommon/turbomodule/core (= 0.0.0-20221203-2022-3e9141569)
  - React-Fabric/components/slider (0.0.0-20221203-2022-3e9141569):
    - RCT-Folly/Fabric (= 2021.07.22.00)
    - RCTRequired (= 0.0.0-20221203-2022-3e9141569)
    - RCTTypeSafety (= 0.0.0-20221203-2022-3e9141569)
    - React-graphics (= 0.0.0-20221203-2022-3e9141569)
    - React-jsi (= 0.0.0-20221203-2022-3e9141569)
    - React-jsiexecutor (= 0.0.0-20221203-2022-3e9141569)
    - ReactCommon/turbomodule/core (= 0.0.0-20221203-2022-3e9141569)
  - React-Fabric/components/text (0.0.0-20221203-2022-3e9141569):
    - RCT-Folly/Fabric (= 2021.07.22.00)
    - RCTRequired (= 0.0.0-20221203-2022-3e9141569)
    - RCTTypeSafety (= 0.0.0-20221203-2022-3e9141569)
    - React-graphics (= 0.0.0-20221203-2022-3e9141569)
    - React-jsi (= 0.0.0-20221203-2022-3e9141569)
    - React-jsiexecutor (= 0.0.0-20221203-2022-3e9141569)
    - ReactCommon/turbomodule/core (= 0.0.0-20221203-2022-3e9141569)
  - React-Fabric/components/textinput (0.0.0-20221203-2022-3e9141569):
    - RCT-Folly/Fabric (= 2021.07.22.00)
    - RCTRequired (= 0.0.0-20221203-2022-3e9141569)
    - RCTTypeSafety (= 0.0.0-20221203-2022-3e9141569)
    - React-graphics (= 0.0.0-20221203-2022-3e9141569)
    - React-jsi (= 0.0.0-20221203-2022-3e9141569)
    - React-jsiexecutor (= 0.0.0-20221203-2022-3e9141569)
    - ReactCommon/turbomodule/core (= 0.0.0-20221203-2022-3e9141569)
  - React-Fabric/components/unimplementedview (0.0.0-20221203-2022-3e9141569):
    - RCT-Folly/Fabric (= 2021.07.22.00)
    - RCTRequired (= 0.0.0-20221203-2022-3e9141569)
    - RCTTypeSafety (= 0.0.0-20221203-2022-3e9141569)
    - React-graphics (= 0.0.0-20221203-2022-3e9141569)
    - React-jsi (= 0.0.0-20221203-2022-3e9141569)
    - React-jsiexecutor (= 0.0.0-20221203-2022-3e9141569)
    - ReactCommon/turbomodule/core (= 0.0.0-20221203-2022-3e9141569)
  - React-Fabric/components/view (0.0.0-20221203-2022-3e9141569):
    - RCT-Folly/Fabric (= 2021.07.22.00)
    - RCTRequired (= 0.0.0-20221203-2022-3e9141569)
    - RCTTypeSafety (= 0.0.0-20221203-2022-3e9141569)
    - React-graphics (= 0.0.0-20221203-2022-3e9141569)
    - React-jsi (= 0.0.0-20221203-2022-3e9141569)
    - React-jsiexecutor (= 0.0.0-20221203-2022-3e9141569)
    - ReactCommon/turbomodule/core (= 0.0.0-20221203-2022-3e9141569)
    - Yoga
  - React-Fabric/config (0.0.0-20221203-2022-3e9141569):
    - RCT-Folly/Fabric (= 2021.07.22.00)
    - RCTRequired (= 0.0.0-20221203-2022-3e9141569)
    - RCTTypeSafety (= 0.0.0-20221203-2022-3e9141569)
    - React-graphics (= 0.0.0-20221203-2022-3e9141569)
    - React-jsi (= 0.0.0-20221203-2022-3e9141569)
    - React-jsiexecutor (= 0.0.0-20221203-2022-3e9141569)
    - ReactCommon/turbomodule/core (= 0.0.0-20221203-2022-3e9141569)
  - React-Fabric/core (0.0.0-20221203-2022-3e9141569):
    - RCT-Folly/Fabric (= 2021.07.22.00)
    - RCTRequired (= 0.0.0-20221203-2022-3e9141569)
    - RCTTypeSafety (= 0.0.0-20221203-2022-3e9141569)
    - React-graphics (= 0.0.0-20221203-2022-3e9141569)
    - React-jsi (= 0.0.0-20221203-2022-3e9141569)
    - React-jsiexecutor (= 0.0.0-20221203-2022-3e9141569)
    - ReactCommon/turbomodule/core (= 0.0.0-20221203-2022-3e9141569)
  - React-Fabric/debug_core (0.0.0-20221203-2022-3e9141569):
    - RCT-Folly/Fabric (= 2021.07.22.00)
    - RCTRequired (= 0.0.0-20221203-2022-3e9141569)
    - RCTTypeSafety (= 0.0.0-20221203-2022-3e9141569)
    - React-graphics (= 0.0.0-20221203-2022-3e9141569)
    - React-jsi (= 0.0.0-20221203-2022-3e9141569)
    - React-jsiexecutor (= 0.0.0-20221203-2022-3e9141569)
    - ReactCommon/turbomodule/core (= 0.0.0-20221203-2022-3e9141569)
  - React-Fabric/debug_renderer (0.0.0-20221203-2022-3e9141569):
    - RCT-Folly/Fabric (= 2021.07.22.00)
    - RCTRequired (= 0.0.0-20221203-2022-3e9141569)
    - RCTTypeSafety (= 0.0.0-20221203-2022-3e9141569)
    - React-graphics (= 0.0.0-20221203-2022-3e9141569)
    - React-jsi (= 0.0.0-20221203-2022-3e9141569)
    - React-jsiexecutor (= 0.0.0-20221203-2022-3e9141569)
    - ReactCommon/turbomodule/core (= 0.0.0-20221203-2022-3e9141569)
  - React-Fabric/imagemanager (0.0.0-20221203-2022-3e9141569):
    - RCT-Folly/Fabric (= 2021.07.22.00)
    - RCTRequired (= 0.0.0-20221203-2022-3e9141569)
    - RCTTypeSafety (= 0.0.0-20221203-2022-3e9141569)
    - React-graphics (= 0.0.0-20221203-2022-3e9141569)
    - React-jsi (= 0.0.0-20221203-2022-3e9141569)
    - React-jsiexecutor (= 0.0.0-20221203-2022-3e9141569)
    - React-RCTImage (= 0.0.0-20221203-2022-3e9141569)
    - ReactCommon/turbomodule/core (= 0.0.0-20221203-2022-3e9141569)
  - React-Fabric/leakchecker (0.0.0-20221203-2022-3e9141569):
    - RCT-Folly/Fabric (= 2021.07.22.00)
    - RCTRequired (= 0.0.0-20221203-2022-3e9141569)
    - RCTTypeSafety (= 0.0.0-20221203-2022-3e9141569)
    - React-graphics (= 0.0.0-20221203-2022-3e9141569)
    - React-jsi (= 0.0.0-20221203-2022-3e9141569)
    - React-jsiexecutor (= 0.0.0-20221203-2022-3e9141569)
    - ReactCommon/turbomodule/core (= 0.0.0-20221203-2022-3e9141569)
  - React-Fabric/mapbuffer (0.0.0-20221203-2022-3e9141569):
    - RCT-Folly/Fabric (= 2021.07.22.00)
    - RCTRequired (= 0.0.0-20221203-2022-3e9141569)
    - RCTTypeSafety (= 0.0.0-20221203-2022-3e9141569)
    - React-graphics (= 0.0.0-20221203-2022-3e9141569)
    - React-jsi (= 0.0.0-20221203-2022-3e9141569)
    - React-jsiexecutor (= 0.0.0-20221203-2022-3e9141569)
    - ReactCommon/turbomodule/core (= 0.0.0-20221203-2022-3e9141569)
  - React-Fabric/mounting (0.0.0-20221203-2022-3e9141569):
    - RCT-Folly/Fabric (= 2021.07.22.00)
    - RCTRequired (= 0.0.0-20221203-2022-3e9141569)
    - RCTTypeSafety (= 0.0.0-20221203-2022-3e9141569)
    - React-graphics (= 0.0.0-20221203-2022-3e9141569)
    - React-jsi (= 0.0.0-20221203-2022-3e9141569)
    - React-jsiexecutor (= 0.0.0-20221203-2022-3e9141569)
    - ReactCommon/turbomodule/core (= 0.0.0-20221203-2022-3e9141569)
  - React-Fabric/runtimescheduler (0.0.0-20221203-2022-3e9141569):
    - RCT-Folly/Fabric (= 2021.07.22.00)
    - RCTRequired (= 0.0.0-20221203-2022-3e9141569)
    - RCTTypeSafety (= 0.0.0-20221203-2022-3e9141569)
    - React-graphics (= 0.0.0-20221203-2022-3e9141569)
    - React-jsi (= 0.0.0-20221203-2022-3e9141569)
    - React-jsiexecutor (= 0.0.0-20221203-2022-3e9141569)
    - ReactCommon/turbomodule/core (= 0.0.0-20221203-2022-3e9141569)
  - React-Fabric/scheduler (0.0.0-20221203-2022-3e9141569):
    - RCT-Folly/Fabric (= 2021.07.22.00)
    - RCTRequired (= 0.0.0-20221203-2022-3e9141569)
    - RCTTypeSafety (= 0.0.0-20221203-2022-3e9141569)
    - React-graphics (= 0.0.0-20221203-2022-3e9141569)
    - React-jsi (= 0.0.0-20221203-2022-3e9141569)
    - React-jsiexecutor (= 0.0.0-20221203-2022-3e9141569)
    - ReactCommon/turbomodule/core (= 0.0.0-20221203-2022-3e9141569)
  - React-Fabric/telemetry (0.0.0-20221203-2022-3e9141569):
    - RCT-Folly/Fabric (= 2021.07.22.00)
    - RCTRequired (= 0.0.0-20221203-2022-3e9141569)
    - RCTTypeSafety (= 0.0.0-20221203-2022-3e9141569)
    - React-graphics (= 0.0.0-20221203-2022-3e9141569)
    - React-jsi (= 0.0.0-20221203-2022-3e9141569)
    - React-jsiexecutor (= 0.0.0-20221203-2022-3e9141569)
    - ReactCommon/turbomodule/core (= 0.0.0-20221203-2022-3e9141569)
  - React-Fabric/templateprocessor (0.0.0-20221203-2022-3e9141569):
    - RCT-Folly/Fabric (= 2021.07.22.00)
    - RCTRequired (= 0.0.0-20221203-2022-3e9141569)
    - RCTTypeSafety (= 0.0.0-20221203-2022-3e9141569)
    - React-graphics (= 0.0.0-20221203-2022-3e9141569)
    - React-jsi (= 0.0.0-20221203-2022-3e9141569)
    - React-jsiexecutor (= 0.0.0-20221203-2022-3e9141569)
    - ReactCommon/turbomodule/core (= 0.0.0-20221203-2022-3e9141569)
  - React-Fabric/textlayoutmanager (0.0.0-20221203-2022-3e9141569):
    - RCT-Folly/Fabric (= 2021.07.22.00)
    - RCTRequired (= 0.0.0-20221203-2022-3e9141569)
    - RCTTypeSafety (= 0.0.0-20221203-2022-3e9141569)
    - React-Fabric/uimanager
    - React-graphics (= 0.0.0-20221203-2022-3e9141569)
    - React-jsi (= 0.0.0-20221203-2022-3e9141569)
    - React-jsiexecutor (= 0.0.0-20221203-2022-3e9141569)
    - ReactCommon/turbomodule/core (= 0.0.0-20221203-2022-3e9141569)
  - React-Fabric/uimanager (0.0.0-20221203-2022-3e9141569):
    - RCT-Folly/Fabric (= 2021.07.22.00)
    - RCTRequired (= 0.0.0-20221203-2022-3e9141569)
    - RCTTypeSafety (= 0.0.0-20221203-2022-3e9141569)
    - React-graphics (= 0.0.0-20221203-2022-3e9141569)
    - React-jsi (= 0.0.0-20221203-2022-3e9141569)
    - React-jsiexecutor (= 0.0.0-20221203-2022-3e9141569)
    - ReactCommon/turbomodule/core (= 0.0.0-20221203-2022-3e9141569)
  - React-Fabric/utils (0.0.0-20221203-2022-3e9141569):
    - RCT-Folly/Fabric (= 2021.07.22.00)
    - RCTRequired (= 0.0.0-20221203-2022-3e9141569)
    - RCTTypeSafety (= 0.0.0-20221203-2022-3e9141569)
    - React-graphics (= 0.0.0-20221203-2022-3e9141569)
    - React-jsi (= 0.0.0-20221203-2022-3e9141569)
    - React-jsiexecutor (= 0.0.0-20221203-2022-3e9141569)
    - ReactCommon/turbomodule/core (= 0.0.0-20221203-2022-3e9141569)
  - React-graphics (0.0.0-20221203-2022-3e9141569):
    - RCT-Folly/Fabric (= 2021.07.22.00)
    - React-Core/Default (= 0.0.0-20221203-2022-3e9141569)
  - React-jsc (0.0.0-20221203-2022-3e9141569):
    - React-jsc/Fabric (= 0.0.0-20221203-2022-3e9141569)
    - React-jsi (= 0.0.0-20221203-2022-3e9141569)
  - React-jsc/Fabric (0.0.0-20221203-2022-3e9141569):
    - React-jsi (= 0.0.0-20221203-2022-3e9141569)
  - React-jsi (0.0.0-20221203-2022-3e9141569):
    - boost (= 1.76.0)
    - DoubleConversion
    - glog
    - RCT-Folly (= 2021.07.22.00)
  - React-jsiexecutor (0.0.0-20221203-2022-3e9141569):
    - DoubleConversion
    - glog
    - RCT-Folly (= 2021.07.22.00)
    - React-cxxreact (= 0.0.0-20221203-2022-3e9141569)
    - React-jsi (= 0.0.0-20221203-2022-3e9141569)
    - React-perflogger (= 0.0.0-20221203-2022-3e9141569)
  - React-jsinspector (0.0.0-20221203-2022-3e9141569)
  - React-logger (0.0.0-20221203-2022-3e9141569):
    - glog
  - React-perflogger (0.0.0-20221203-2022-3e9141569)
  - React-RCTActionSheet (0.0.0-20221203-2022-3e9141569):
    - React-Core/RCTActionSheetHeaders (= 0.0.0-20221203-2022-3e9141569)
  - React-RCTAnimation (0.0.0-20221203-2022-3e9141569):
    - RCT-Folly (= 2021.07.22.00)
    - RCTTypeSafety (= 0.0.0-20221203-2022-3e9141569)
    - React-Codegen (= 0.0.0-20221203-2022-3e9141569)
    - React-Core/RCTAnimationHeaders (= 0.0.0-20221203-2022-3e9141569)
    - React-jsi (= 0.0.0-20221203-2022-3e9141569)
    - ReactCommon/turbomodule/core (= 0.0.0-20221203-2022-3e9141569)
  - React-RCTAppDelegate (0.0.0-20221203-2022-3e9141569):
    - RCT-Folly
    - RCTRequired
    - RCTTypeSafety
    - React-Core
    - React-graphics
    - React-RCTFabric
    - ReactCommon/turbomodule/core
  - React-RCTBlob (0.0.0-20221203-2022-3e9141569):
    - RCT-Folly (= 2021.07.22.00)
    - React-Codegen (= 0.0.0-20221203-2022-3e9141569)
    - React-Core/RCTBlobHeaders (= 0.0.0-20221203-2022-3e9141569)
    - React-Core/RCTWebSocket (= 0.0.0-20221203-2022-3e9141569)
    - React-jsi (= 0.0.0-20221203-2022-3e9141569)
    - React-RCTNetwork (= 0.0.0-20221203-2022-3e9141569)
    - ReactCommon/turbomodule/core (= 0.0.0-20221203-2022-3e9141569)
  - React-RCTFabric (0.0.0-20221203-2022-3e9141569):
    - RCT-Folly/Fabric (= 2021.07.22.00)
    - React-Core (= 0.0.0-20221203-2022-3e9141569)
    - React-Fabric (= 0.0.0-20221203-2022-3e9141569)
    - React-RCTImage (= 0.0.0-20221203-2022-3e9141569)
  - React-RCTImage (0.0.0-20221203-2022-3e9141569):
    - RCT-Folly (= 2021.07.22.00)
    - RCTTypeSafety (= 0.0.0-20221203-2022-3e9141569)
    - React-Codegen (= 0.0.0-20221203-2022-3e9141569)
    - React-Core/RCTImageHeaders (= 0.0.0-20221203-2022-3e9141569)
    - React-jsi (= 0.0.0-20221203-2022-3e9141569)
    - React-RCTNetwork (= 0.0.0-20221203-2022-3e9141569)
    - ReactCommon/turbomodule/core (= 0.0.0-20221203-2022-3e9141569)
  - React-RCTLinking (0.0.0-20221203-2022-3e9141569):
    - React-Codegen (= 0.0.0-20221203-2022-3e9141569)
    - React-Core/RCTLinkingHeaders (= 0.0.0-20221203-2022-3e9141569)
    - React-jsi (= 0.0.0-20221203-2022-3e9141569)
    - ReactCommon/turbomodule/core (= 0.0.0-20221203-2022-3e9141569)
  - React-RCTNetwork (0.0.0-20221203-2022-3e9141569):
    - RCT-Folly (= 2021.07.22.00)
    - RCTTypeSafety (= 0.0.0-20221203-2022-3e9141569)
    - React-Codegen (= 0.0.0-20221203-2022-3e9141569)
    - React-Core/RCTNetworkHeaders (= 0.0.0-20221203-2022-3e9141569)
    - React-jsi (= 0.0.0-20221203-2022-3e9141569)
    - ReactCommon/turbomodule/core (= 0.0.0-20221203-2022-3e9141569)
  - React-RCTSettings (0.0.0-20221203-2022-3e9141569):
    - RCT-Folly (= 2021.07.22.00)
    - RCTTypeSafety (= 0.0.0-20221203-2022-3e9141569)
    - React-Codegen (= 0.0.0-20221203-2022-3e9141569)
    - React-Core/RCTSettingsHeaders (= 0.0.0-20221203-2022-3e9141569)
    - React-jsi (= 0.0.0-20221203-2022-3e9141569)
    - ReactCommon/turbomodule/core (= 0.0.0-20221203-2022-3e9141569)
  - React-RCTText (0.0.0-20221203-2022-3e9141569):
    - React-Core/RCTTextHeaders (= 0.0.0-20221203-2022-3e9141569)
  - React-RCTVibration (0.0.0-20221203-2022-3e9141569):
    - RCT-Folly (= 2021.07.22.00)
    - React-Codegen (= 0.0.0-20221203-2022-3e9141569)
    - React-Core/RCTVibrationHeaders (= 0.0.0-20221203-2022-3e9141569)
    - React-jsi (= 0.0.0-20221203-2022-3e9141569)
    - ReactCommon/turbomodule/core (= 0.0.0-20221203-2022-3e9141569)
  - React-rncore (0.0.0-20221203-2022-3e9141569)
  - React-runtimeexecutor (0.0.0-20221203-2022-3e9141569):
    - React-jsi (= 0.0.0-20221203-2022-3e9141569)
  - ReactCommon/turbomodule/bridging (0.0.0-20221203-2022-3e9141569):
    - DoubleConversion
    - glog
    - RCT-Folly (= 2021.07.22.00)
    - React-callinvoker (= 0.0.0-20221203-2022-3e9141569)
    - React-Core (= 0.0.0-20221203-2022-3e9141569)
    - React-cxxreact (= 0.0.0-20221203-2022-3e9141569)
    - React-jsi (= 0.0.0-20221203-2022-3e9141569)
    - React-logger (= 0.0.0-20221203-2022-3e9141569)
    - React-perflogger (= 0.0.0-20221203-2022-3e9141569)
  - ReactCommon/turbomodule/core (0.0.0-20221203-2022-3e9141569):
    - DoubleConversion
    - glog
    - RCT-Folly (= 2021.07.22.00)
    - React-callinvoker (= 0.0.0-20221203-2022-3e9141569)
    - React-Core (= 0.0.0-20221203-2022-3e9141569)
    - React-cxxreact (= 0.0.0-20221203-2022-3e9141569)
    - React-jsi (= 0.0.0-20221203-2022-3e9141569)
    - React-logger (= 0.0.0-20221203-2022-3e9141569)
    - React-perflogger (= 0.0.0-20221203-2022-3e9141569)
  - RNReanimated (3.0.0-rc.8):
    - DoubleConversion
    - FBLazyVector
    - FBReactNativeSpec
    - glog
    - RCT-Folly
    - RCTRequired
    - RCTTypeSafety
    - React-callinvoker
    - React-Codegen
    - React-Core
    - React-Core/DevSupport
    - React-Core/RCTWebSocket
    - React-CoreModules
    - React-cxxreact
    - React-jsi
    - React-jsiexecutor
    - React-jsinspector
    - React-RCTActionSheet
    - React-RCTAnimation
    - React-RCTBlob
    - React-RCTFabric
    - React-RCTImage
    - React-RCTLinking
    - React-RCTNetwork
    - React-RCTSettings
    - React-RCTText
    - ReactCommon/turbomodule/core
    - Yoga
  - SocketRocket (0.6.0)
  - Yoga (1.14.0)
  - YogaKit (1.18.1):
    - Yoga (~> 1.14)

DEPENDENCIES:
  - boost (from `../node_modules/react-native/third-party-podspecs/boost.podspec`)
  - DoubleConversion (from `../node_modules/react-native/third-party-podspecs/DoubleConversion.podspec`)
  - FBLazyVector (from `../node_modules/react-native/Libraries/FBLazyVector`)
  - FBReactNativeSpec (from `../node_modules/react-native/React/FBReactNativeSpec`)
  - Flipper (= 0.125.0)
  - Flipper-Boost-iOSX (= 1.76.0.1.11)
  - Flipper-DoubleConversion (= 3.2.0.1)
  - Flipper-Fmt (= 7.1.7)
  - Flipper-Folly (= 2.6.10)
  - Flipper-Glog (= 0.5.0.5)
  - Flipper-PeerTalk (= 0.0.4)
  - Flipper-RSocket (= 1.4.3)
  - FlipperKit (= 0.125.0)
  - FlipperKit/Core (= 0.125.0)
  - FlipperKit/CppBridge (= 0.125.0)
  - FlipperKit/FBCxxFollyDynamicConvert (= 0.125.0)
  - FlipperKit/FBDefines (= 0.125.0)
  - FlipperKit/FKPortForwarding (= 0.125.0)
  - FlipperKit/FlipperKitHighlightOverlay (= 0.125.0)
  - FlipperKit/FlipperKitLayoutPlugin (= 0.125.0)
  - FlipperKit/FlipperKitLayoutTextSearchable (= 0.125.0)
  - FlipperKit/FlipperKitNetworkPlugin (= 0.125.0)
  - FlipperKit/FlipperKitReactPlugin (= 0.125.0)
  - FlipperKit/FlipperKitUserDefaultsPlugin (= 0.125.0)
  - FlipperKit/SKIOSNetworkPlugin (= 0.125.0)
  - glog (from `../node_modules/react-native/third-party-podspecs/glog.podspec`)
  - OpenSSL-Universal (= 1.1.1100)
  - RCT-Folly (from `../node_modules/react-native/third-party-podspecs/RCT-Folly.podspec`)
  - RCT-Folly/Fabric (from `../node_modules/react-native/third-party-podspecs/RCT-Folly.podspec`)
  - RCTRequired (from `../node_modules/react-native/Libraries/RCTRequired`)
  - RCTTypeSafety (from `../node_modules/react-native/Libraries/TypeSafety`)
  - React (from `../node_modules/react-native/`)
  - React-callinvoker (from `../node_modules/react-native/ReactCommon/callinvoker`)
  - React-Codegen (from `build/generated/ios`)
  - React-Core (from `../node_modules/react-native/`)
  - React-Core/DevSupport (from `../node_modules/react-native/`)
  - React-Core/RCTWebSocket (from `../node_modules/react-native/`)
  - React-CoreModules (from `../node_modules/react-native/React/CoreModules`)
  - React-cxxreact (from `../node_modules/react-native/ReactCommon/cxxreact`)
  - React-Fabric (from `../node_modules/react-native/ReactCommon`)
  - React-graphics (from `../node_modules/react-native/ReactCommon/react/renderer/graphics`)
  - React-jsc (from `../node_modules/react-native/ReactCommon/jsc`)
  - React-jsc/Fabric (from `../node_modules/react-native/ReactCommon/jsc`)
  - React-jsi (from `../node_modules/react-native/ReactCommon/jsi`)
  - React-jsiexecutor (from `../node_modules/react-native/ReactCommon/jsiexecutor`)
  - React-jsinspector (from `../node_modules/react-native/ReactCommon/jsinspector`)
  - React-logger (from `../node_modules/react-native/ReactCommon/logger`)
  - React-perflogger (from `../node_modules/react-native/ReactCommon/reactperflogger`)
  - React-RCTActionSheet (from `../node_modules/react-native/Libraries/ActionSheetIOS`)
  - React-RCTAnimation (from `../node_modules/react-native/Libraries/NativeAnimation`)
  - React-RCTAppDelegate (from `../node_modules/react-native/Libraries/AppDelegate`)
  - React-RCTBlob (from `../node_modules/react-native/Libraries/Blob`)
  - React-RCTFabric (from `../node_modules/react-native/React`)
  - React-RCTImage (from `../node_modules/react-native/Libraries/Image`)
  - React-RCTLinking (from `../node_modules/react-native/Libraries/LinkingIOS`)
  - React-RCTNetwork (from `../node_modules/react-native/Libraries/Network`)
  - React-RCTSettings (from `../node_modules/react-native/Libraries/Settings`)
  - React-RCTText (from `../node_modules/react-native/Libraries/Text`)
  - React-RCTVibration (from `../node_modules/react-native/Libraries/Vibration`)
  - React-rncore (from `../node_modules/react-native/ReactCommon`)
  - React-runtimeexecutor (from `../node_modules/react-native/ReactCommon/runtimeexecutor`)
  - ReactCommon/turbomodule/core (from `../node_modules/react-native/ReactCommon`)
  - RNReanimated (from `../node_modules/react-native-reanimated`)
  - Yoga (from `../node_modules/react-native/ReactCommon/yoga`)

SPEC REPOS:
  trunk:
    - CocoaAsyncSocket
    - Flipper
    - Flipper-Boost-iOSX
    - Flipper-DoubleConversion
    - Flipper-Fmt
    - Flipper-Folly
    - Flipper-Glog
    - Flipper-PeerTalk
    - Flipper-RSocket
    - FlipperKit
    - fmt
    - libevent
    - OpenSSL-Universal
    - SocketRocket
    - YogaKit

EXTERNAL SOURCES:
  boost:
    :podspec: "../node_modules/react-native/third-party-podspecs/boost.podspec"
  DoubleConversion:
    :podspec: "../node_modules/react-native/third-party-podspecs/DoubleConversion.podspec"
  FBLazyVector:
    :path: "../node_modules/react-native/Libraries/FBLazyVector"
  FBReactNativeSpec:
    :path: "../node_modules/react-native/React/FBReactNativeSpec"
  glog:
    :podspec: "../node_modules/react-native/third-party-podspecs/glog.podspec"
  RCT-Folly:
    :podspec: "../node_modules/react-native/third-party-podspecs/RCT-Folly.podspec"
  RCTRequired:
    :path: "../node_modules/react-native/Libraries/RCTRequired"
  RCTTypeSafety:
    :path: "../node_modules/react-native/Libraries/TypeSafety"
  React:
    :path: "../node_modules/react-native/"
  React-callinvoker:
    :path: "../node_modules/react-native/ReactCommon/callinvoker"
  React-Codegen:
    :path: build/generated/ios
  React-Core:
    :path: "../node_modules/react-native/"
  React-CoreModules:
    :path: "../node_modules/react-native/React/CoreModules"
  React-cxxreact:
    :path: "../node_modules/react-native/ReactCommon/cxxreact"
  React-Fabric:
    :path: "../node_modules/react-native/ReactCommon"
  React-graphics:
    :path: "../node_modules/react-native/ReactCommon/react/renderer/graphics"
  React-jsc:
    :path: "../node_modules/react-native/ReactCommon/jsc"
  React-jsi:
    :path: "../node_modules/react-native/ReactCommon/jsi"
  React-jsiexecutor:
    :path: "../node_modules/react-native/ReactCommon/jsiexecutor"
  React-jsinspector:
    :path: "../node_modules/react-native/ReactCommon/jsinspector"
  React-logger:
    :path: "../node_modules/react-native/ReactCommon/logger"
  React-perflogger:
    :path: "../node_modules/react-native/ReactCommon/reactperflogger"
  React-RCTActionSheet:
    :path: "../node_modules/react-native/Libraries/ActionSheetIOS"
  React-RCTAnimation:
    :path: "../node_modules/react-native/Libraries/NativeAnimation"
  React-RCTAppDelegate:
    :path: "../node_modules/react-native/Libraries/AppDelegate"
  React-RCTBlob:
    :path: "../node_modules/react-native/Libraries/Blob"
  React-RCTFabric:
    :path: "../node_modules/react-native/React"
  React-RCTImage:
    :path: "../node_modules/react-native/Libraries/Image"
  React-RCTLinking:
    :path: "../node_modules/react-native/Libraries/LinkingIOS"
  React-RCTNetwork:
    :path: "../node_modules/react-native/Libraries/Network"
  React-RCTSettings:
    :path: "../node_modules/react-native/Libraries/Settings"
  React-RCTText:
    :path: "../node_modules/react-native/Libraries/Text"
  React-RCTVibration:
    :path: "../node_modules/react-native/Libraries/Vibration"
  React-rncore:
    :path: "../node_modules/react-native/ReactCommon"
  React-runtimeexecutor:
    :path: "../node_modules/react-native/ReactCommon/runtimeexecutor"
  ReactCommon:
    :path: "../node_modules/react-native/ReactCommon"
  RNReanimated:
    :path: "../node_modules/react-native-reanimated"
  Yoga:
    :path: "../node_modules/react-native/ReactCommon/yoga"

SPEC CHECKSUMS:
  boost: 57d2868c099736d80fcd648bf211b4431e51a558
  CocoaAsyncSocket: 065fd1e645c7abab64f7a6a2007a48038fdc6a99
  DoubleConversion: 5189b271737e1565bdce30deb4a08d647e3f5f54
  FBLazyVector: e53d3a668bae70012607e495aa718d238bd01e60
  FBReactNativeSpec: 3e4883b23427fce5df3278230415cc26a0543963
  Flipper: 26fc4b7382499f1281eb8cb921e5c3ad6de91fe0
  Flipper-Boost-iOSX: fd1e2b8cbef7e662a122412d7ac5f5bea715403c
  Flipper-DoubleConversion: 2dc99b02f658daf147069aad9dbd29d8feb06d30
  Flipper-Fmt: 60cbdd92fc254826e61d669a5d87ef7015396a9b
  Flipper-Folly: 584845625005ff068a6ebf41f857f468decd26b3
  Flipper-Glog: 70c50ce58ddaf67dc35180db05f191692570f446
  Flipper-PeerTalk: 116d8f857dc6ef55c7a5a75ea3ceaafe878aadc9
  Flipper-RSocket: d9d9ade67cbecf6ac10730304bf5607266dd2541
  FlipperKit: cbdee19bdd4e7f05472a66ce290f1b729ba3cb86
  fmt: ff9d55029c625d3757ed641535fd4a75fedc7ce9
  glog: 04b94705f318337d7ead9e6d17c019bd9b1f6b1b
  libevent: 4049cae6c81cdb3654a443be001fb9bdceff7913
  OpenSSL-Universal: ebc357f1e6bc71fa463ccb2fe676756aff50e88c
  RCT-Folly: 424b8c9a7a0b9ab2886ffe9c3b041ef628fd4fb1
  RCTRequired: fa0252ea4b08c9ac2f93b012da0ce19cec65d21e
  RCTTypeSafety: d7275b50db9289528b567c6a331b3fe0c415e862
  React: 28f4f1624315ac2353c3174afd5144b571d60bab
  React-callinvoker: 575a460756df4f7cb90495b6b22863740a0a1470
  React-Codegen: 80cb9b31cc6400be2ffc64f94217cbaa817a3c19
  React-Core: ab28d589f6c956843f0383fd5da1011b4deae639
  React-CoreModules: 582f292969c696df77e2fa7dee40fc67628174c7
  React-cxxreact: 56e8409240af019971da077c000e90bde161ad2d
  React-Fabric: 28aac555221d5978fb93ef48ec6c488d6a5fd573
  React-graphics: fa3f2d041a3a5a800bf4a1ccc0f0888ddafc5229
  React-jsc: ff7f364dc9c8bb22c0c722e41756e4a2bbadf66f
  React-jsi: 3a948400a80d64b44a943d9dfa26f5d86fda05f0
  React-jsiexecutor: efe6fb65c87396cba9a98a28d5ea7ac11f1f963d
  React-jsinspector: d3ee6be51fc2b3707c7bcd47ccd21a3f1e974695
  React-logger: e9f87f75bab2533ec7735f67d96b30ca329778aa
  React-perflogger: cbe84bb2709d3c981ea710a9c53c0fc6c44c00ca
  React-RCTActionSheet: fd2eaa66bb7f3f5e65994d1776a0c51d623c6076
  React-RCTAnimation: 6d90f20fe6fbf253f2c713b9e9a046e107be2c66
  React-RCTAppDelegate: 280f798b50fa8c757b89800d29104ca3df329837
  React-RCTBlob: 590b8b797fbafa0e27402068f76ec056e3289b64
  React-RCTFabric: 35946168b1d04e616164d130b646020685bec54e
  React-RCTImage: 2504ccf525c2fc85205ff9c4b134052b65ae82f5
  React-RCTLinking: 715ba4eebcbc0ed2a0be6fed879223c12e9833a6
  React-RCTNetwork: eb78984fff53af29b490b00cc3705d1587788913
  React-RCTSettings: d9488de8bad588471dd55495db02f38a0e01c0b6
  React-RCTText: 191049e832a961f3e4be1c217dec24f6304a79b8
  React-RCTVibration: 73d54cd7ec7637a01bf2840e6297f68b493b9402
  React-rncore: 193535f9ef6b3e6c5fd37ee04d4ed9e2da4d2436
  React-runtimeexecutor: a9fa7302d1b5bcec4caa69c8a88ac1576c0c95d2
  ReactCommon: 9d1522a7feef8c9416c547a9c806bb8d40a8b29e
  RNReanimated: 9d4faddeb4c0ab8f68e3e582ab7406ddada85c7f
  SocketRocket: fccef3f9c5cedea1353a9ef6ada904fde10d6608
  Yoga: 768a393dd88fdd1d63058cc93ae94143fca94908
  YogaKit: f782866e155069a2cca2517aafea43200b01fd5a

PODFILE CHECKSUM: cb2d9f4faa5199630607b5cf5f520e9ec96f8a31

COCOAPODS: 1.11.3
