PODS:
  - boost (1.76.0)
  - CocoaAsyncSocket (7.6.5)
  - DoubleConversion (1.1.6)
  - FBLazyVector (0.68.0-rc.2)
  - FBReactNativeSpec (0.68.0-rc.2):
    - RCT-Folly (= 2021.06.28.00-v2)
    - RCTRequired (= 0.68.0-rc.2)
    - RCTTypeSafety (= 0.68.0-rc.2)
    - React-Core (= 0.68.0-rc.2)
    - React-jsi (= 0.68.0-rc.2)
    - ReactCommon/turbomodule/core (= 0.68.0-rc.2)
  - Flipper (0.125.0):
    - Flipper-Folly (~> 2.6)
    - Flipper-RSocket (~> 1.4)
  - Flipper-Boost-iOSX (1.76.0.1.11)
  - Flipper-DoubleConversion (3.1.7)
  - Flipper-Fmt (7.1.7)
  - Flipper-Folly (2.6.10):
    - Flipper-Boost-iOSX
    - Flipper-DoubleConversion
    - Flipper-Fmt (= 7.1.7)
    - Flipper-Glog
    - libevent (~> 2.1.12)
    - OpenSSL-Universal (= 1.1.1100)
  - Flipper-Glog (0.3.9)
  - Flipper-PeerTalk (0.0.4)
  - Flipper-RSocket (1.4.3):
    - Flipper-Folly (~> 2.6)
  - FlipperKit (0.125.0):
    - FlipperKit/Core (= 0.125.0)
  - FlipperKit/Core (0.125.0):
    - Flipper (~> 0.125.0)
    - FlipperKit/CppBridge
    - FlipperKit/FBCxxFollyDynamicConvert
    - FlipperKit/FBDefines
    - FlipperKit/FKPortForwarding
    - SocketRocket (~> 0.6.0)
  - FlipperKit/CppBridge (0.125.0):
    - Flipper (~> 0.125.0)
  - FlipperKit/FBCxxFollyDynamicConvert (0.125.0):
    - Flipper-Folly (~> 2.6)
  - FlipperKit/FBDefines (0.125.0)
  - FlipperKit/FKPortForwarding (0.125.0):
    - CocoaAsyncSocket (~> 7.6)
    - Flipper-PeerTalk (~> 0.0.4)
  - FlipperKit/FlipperKitHighlightOverlay (0.125.0)
  - FlipperKit/FlipperKitLayoutHelpers (0.125.0):
    - FlipperKit/Core
    - FlipperKit/FlipperKitHighlightOverlay
    - FlipperKit/FlipperKitLayoutTextSearchable
  - FlipperKit/FlipperKitLayoutIOSDescriptors (0.125.0):
    - FlipperKit/Core
    - FlipperKit/FlipperKitHighlightOverlay
    - FlipperKit/FlipperKitLayoutHelpers
    - YogaKit (~> 1.18)
  - FlipperKit/FlipperKitLayoutPlugin (0.125.0):
    - FlipperKit/Core
    - FlipperKit/FlipperKitHighlightOverlay
    - FlipperKit/FlipperKitLayoutHelpers
    - FlipperKit/FlipperKitLayoutIOSDescriptors
    - FlipperKit/FlipperKitLayoutTextSearchable
    - YogaKit (~> 1.18)
  - FlipperKit/FlipperKitLayoutTextSearchable (0.125.0)
  - FlipperKit/FlipperKitNetworkPlugin (0.125.0):
    - FlipperKit/Core
  - FlipperKit/FlipperKitReactPlugin (0.125.0):
    - FlipperKit/Core
  - FlipperKit/FlipperKitUserDefaultsPlugin (0.125.0):
    - FlipperKit/Core
  - FlipperKit/SKIOSNetworkPlugin (0.125.0):
    - FlipperKit/Core
    - FlipperKit/FlipperKitNetworkPlugin
  - fmt (6.2.1)
  - glog (0.3.5)
  - libevent (2.1.12)
  - OpenSSL-Universal (1.1.1100)
  - RCT-Folly (2021.06.28.00-v2):
    - boost
    - DoubleConversion
    - fmt (~> 6.2.1)
    - glog
    - RCT-Folly/Default (= 2021.06.28.00-v2)
  - RCT-Folly/Default (2021.06.28.00-v2):
    - boost
    - DoubleConversion
    - fmt (~> 6.2.1)
    - glog
  - RCTRequired (0.68.0-rc.2)
  - RCTTypeSafety (0.68.0-rc.2):
    - FBLazyVector (= 0.68.0-rc.2)
    - RCT-Folly (= 2021.06.28.00-v2)
    - RCTRequired (= 0.68.0-rc.2)
    - React-Core (= 0.68.0-rc.2)
  - React (0.68.0-rc.2):
    - React-Core (= 0.68.0-rc.2)
    - React-Core/DevSupport (= 0.68.0-rc.2)
    - React-Core/RCTWebSocket (= 0.68.0-rc.2)
    - React-RCTActionSheet (= 0.68.0-rc.2)
    - React-RCTAnimation (= 0.68.0-rc.2)
    - React-RCTBlob (= 0.68.0-rc.2)
    - React-RCTImage (= 0.68.0-rc.2)
    - React-RCTLinking (= 0.68.0-rc.2)
    - React-RCTNetwork (= 0.68.0-rc.2)
    - React-RCTSettings (= 0.68.0-rc.2)
    - React-RCTText (= 0.68.0-rc.2)
    - React-RCTVibration (= 0.68.0-rc.2)
  - React-callinvoker (0.68.0-rc.2)
  - React-Codegen (0.68.0-rc.2):
    - FBReactNativeSpec (= 0.68.0-rc.2)
    - RCT-Folly (= 2021.06.28.00-v2)
    - RCTRequired (= 0.68.0-rc.2)
    - RCTTypeSafety (= 0.68.0-rc.2)
    - React-Core (= 0.68.0-rc.2)
    - React-jsi (= 0.68.0-rc.2)
    - React-jsiexecutor (= 0.68.0-rc.2)
    - ReactCommon/turbomodule/core (= 0.68.0-rc.2)
  - React-Core (0.68.0-rc.2):
    - glog
    - RCT-Folly (= 2021.06.28.00-v2)
    - React-Core/Default (= 0.68.0-rc.2)
    - React-cxxreact (= 0.68.0-rc.2)
    - React-jsi (= 0.68.0-rc.2)
    - React-jsiexecutor (= 0.68.0-rc.2)
    - React-perflogger (= 0.68.0-rc.2)
    - Yoga
  - React-Core/CoreModulesHeaders (0.68.0-rc.2):
    - glog
    - RCT-Folly (= 2021.06.28.00-v2)
    - React-Core/Default
    - React-cxxreact (= 0.68.0-rc.2)
    - React-jsi (= 0.68.0-rc.2)
    - React-jsiexecutor (= 0.68.0-rc.2)
    - React-perflogger (= 0.68.0-rc.2)
    - Yoga
  - React-Core/Default (0.68.0-rc.2):
    - glog
    - RCT-Folly (= 2021.06.28.00-v2)
    - React-cxxreact (= 0.68.0-rc.2)
    - React-jsi (= 0.68.0-rc.2)
    - React-jsiexecutor (= 0.68.0-rc.2)
    - React-perflogger (= 0.68.0-rc.2)
    - Yoga
  - React-Core/DevSupport (0.68.0-rc.2):
    - glog
    - RCT-Folly (= 2021.06.28.00-v2)
    - React-Core/Default (= 0.68.0-rc.2)
    - React-Core/RCTWebSocket (= 0.68.0-rc.2)
    - React-cxxreact (= 0.68.0-rc.2)
    - React-jsi (= 0.68.0-rc.2)
    - React-jsiexecutor (= 0.68.0-rc.2)
    - React-jsinspector (= 0.68.0-rc.2)
    - React-perflogger (= 0.68.0-rc.2)
    - Yoga
  - React-Core/RCTActionSheetHeaders (0.68.0-rc.2):
    - glog
    - RCT-Folly (= 2021.06.28.00-v2)
    - React-Core/Default
    - React-cxxreact (= 0.68.0-rc.2)
    - React-jsi (= 0.68.0-rc.2)
    - React-jsiexecutor (= 0.68.0-rc.2)
    - React-perflogger (= 0.68.0-rc.2)
    - Yoga
  - React-Core/RCTAnimationHeaders (0.68.0-rc.2):
    - glog
    - RCT-Folly (= 2021.06.28.00-v2)
    - React-Core/Default
    - React-cxxreact (= 0.68.0-rc.2)
    - React-jsi (= 0.68.0-rc.2)
    - React-jsiexecutor (= 0.68.0-rc.2)
    - React-perflogger (= 0.68.0-rc.2)
    - Yoga
  - React-Core/RCTBlobHeaders (0.68.0-rc.2):
    - glog
    - RCT-Folly (= 2021.06.28.00-v2)
    - React-Core/Default
    - React-cxxreact (= 0.68.0-rc.2)
    - React-jsi (= 0.68.0-rc.2)
    - React-jsiexecutor (= 0.68.0-rc.2)
    - React-perflogger (= 0.68.0-rc.2)
    - Yoga
  - React-Core/RCTImageHeaders (0.68.0-rc.2):
    - glog
    - RCT-Folly (= 2021.06.28.00-v2)
    - React-Core/Default
    - React-cxxreact (= 0.68.0-rc.2)
    - React-jsi (= 0.68.0-rc.2)
    - React-jsiexecutor (= 0.68.0-rc.2)
    - React-perflogger (= 0.68.0-rc.2)
    - Yoga
  - React-Core/RCTLinkingHeaders (0.68.0-rc.2):
    - glog
    - RCT-Folly (= 2021.06.28.00-v2)
    - React-Core/Default
    - React-cxxreact (= 0.68.0-rc.2)
    - React-jsi (= 0.68.0-rc.2)
    - React-jsiexecutor (= 0.68.0-rc.2)
    - React-perflogger (= 0.68.0-rc.2)
    - Yoga
  - React-Core/RCTNetworkHeaders (0.68.0-rc.2):
    - glog
    - RCT-Folly (= 2021.06.28.00-v2)
    - React-Core/Default
    - React-cxxreact (= 0.68.0-rc.2)
    - React-jsi (= 0.68.0-rc.2)
    - React-jsiexecutor (= 0.68.0-rc.2)
    - React-perflogger (= 0.68.0-rc.2)
    - Yoga
  - React-Core/RCTSettingsHeaders (0.68.0-rc.2):
    - glog
    - RCT-Folly (= 2021.06.28.00-v2)
    - React-Core/Default
    - React-cxxreact (= 0.68.0-rc.2)
    - React-jsi (= 0.68.0-rc.2)
    - React-jsiexecutor (= 0.68.0-rc.2)
    - React-perflogger (= 0.68.0-rc.2)
    - Yoga
  - React-Core/RCTTextHeaders (0.68.0-rc.2):
    - glog
    - RCT-Folly (= 2021.06.28.00-v2)
    - React-Core/Default
    - React-cxxreact (= 0.68.0-rc.2)
    - React-jsi (= 0.68.0-rc.2)
    - React-jsiexecutor (= 0.68.0-rc.2)
    - React-perflogger (= 0.68.0-rc.2)
    - Yoga
  - React-Core/RCTVibrationHeaders (0.68.0-rc.2):
    - glog
    - RCT-Folly (= 2021.06.28.00-v2)
    - React-Core/Default
    - React-cxxreact (= 0.68.0-rc.2)
    - React-jsi (= 0.68.0-rc.2)
    - React-jsiexecutor (= 0.68.0-rc.2)
    - React-perflogger (= 0.68.0-rc.2)
    - Yoga
  - React-Core/RCTWebSocket (0.68.0-rc.2):
    - glog
    - RCT-Folly (= 2021.06.28.00-v2)
    - React-Core/Default (= 0.68.0-rc.2)
    - React-cxxreact (= 0.68.0-rc.2)
    - React-jsi (= 0.68.0-rc.2)
    - React-jsiexecutor (= 0.68.0-rc.2)
    - React-perflogger (= 0.68.0-rc.2)
    - Yoga
  - React-CoreModules (0.68.0-rc.2):
    - RCT-Folly (= 2021.06.28.00-v2)
    - RCTTypeSafety (= 0.68.0-rc.2)
    - React-Codegen (= 0.68.0-rc.2)
    - React-Core/CoreModulesHeaders (= 0.68.0-rc.2)
    - React-jsi (= 0.68.0-rc.2)
    - React-RCTImage (= 0.68.0-rc.2)
    - ReactCommon/turbomodule/core (= 0.68.0-rc.2)
  - React-cxxreact (0.68.0-rc.2):
    - boost (= 1.76.0)
    - DoubleConversion
    - glog
    - RCT-Folly (= 2021.06.28.00-v2)
    - React-callinvoker (= 0.68.0-rc.2)
    - React-jsi (= 0.68.0-rc.2)
    - React-jsinspector (= 0.68.0-rc.2)
    - React-logger (= 0.68.0-rc.2)
    - React-perflogger (= 0.68.0-rc.2)
    - React-runtimeexecutor (= 0.68.0-rc.2)
  - React-jsi (0.68.0-rc.2):
    - boost (= 1.76.0)
    - DoubleConversion
    - glog
    - RCT-Folly (= 2021.06.28.00-v2)
    - React-jsi/Default (= 0.68.0-rc.2)
  - React-jsi/Default (0.68.0-rc.2):
    - boost (= 1.76.0)
    - DoubleConversion
    - glog
    - RCT-Folly (= 2021.06.28.00-v2)
  - React-jsiexecutor (0.68.0-rc.2):
    - DoubleConversion
    - glog
    - RCT-Folly (= 2021.06.28.00-v2)
    - React-cxxreact (= 0.68.0-rc.2)
    - React-jsi (= 0.68.0-rc.2)
    - React-perflogger (= 0.68.0-rc.2)
  - React-jsinspector (0.68.0-rc.2)
  - React-logger (0.68.0-rc.2):
    - glog
  - React-perflogger (0.68.0-rc.2)
  - React-RCTActionSheet (0.68.0-rc.2):
    - React-Core/RCTActionSheetHeaders (= 0.68.0-rc.2)
  - React-RCTAnimation (0.68.0-rc.2):
    - RCT-Folly (= 2021.06.28.00-v2)
    - RCTTypeSafety (= 0.68.0-rc.2)
    - React-Codegen (= 0.68.0-rc.2)
    - React-Core/RCTAnimationHeaders (= 0.68.0-rc.2)
    - React-jsi (= 0.68.0-rc.2)
    - ReactCommon/turbomodule/core (= 0.68.0-rc.2)
  - React-RCTBlob (0.68.0-rc.2):
    - RCT-Folly (= 2021.06.28.00-v2)
    - React-Codegen (= 0.68.0-rc.2)
    - React-Core/RCTBlobHeaders (= 0.68.0-rc.2)
    - React-Core/RCTWebSocket (= 0.68.0-rc.2)
    - React-jsi (= 0.68.0-rc.2)
    - React-RCTNetwork (= 0.68.0-rc.2)
    - ReactCommon/turbomodule/core (= 0.68.0-rc.2)
  - React-RCTImage (0.68.0-rc.2):
    - RCT-Folly (= 2021.06.28.00-v2)
    - RCTTypeSafety (= 0.68.0-rc.2)
    - React-Codegen (= 0.68.0-rc.2)
    - React-Core/RCTImageHeaders (= 0.68.0-rc.2)
    - React-jsi (= 0.68.0-rc.2)
    - React-RCTNetwork (= 0.68.0-rc.2)
    - ReactCommon/turbomodule/core (= 0.68.0-rc.2)
  - React-RCTLinking (0.68.0-rc.2):
    - React-Codegen (= 0.68.0-rc.2)
    - React-Core/RCTLinkingHeaders (= 0.68.0-rc.2)
    - React-jsi (= 0.68.0-rc.2)
    - ReactCommon/turbomodule/core (= 0.68.0-rc.2)
  - React-RCTNetwork (0.68.0-rc.2):
    - RCT-Folly (= 2021.06.28.00-v2)
    - RCTTypeSafety (= 0.68.0-rc.2)
    - React-Codegen (= 0.68.0-rc.2)
    - React-Core/RCTNetworkHeaders (= 0.68.0-rc.2)
    - React-jsi (= 0.68.0-rc.2)
    - ReactCommon/turbomodule/core (= 0.68.0-rc.2)
  - React-RCTSettings (0.68.0-rc.2):
    - RCT-Folly (= 2021.06.28.00-v2)
    - RCTTypeSafety (= 0.68.0-rc.2)
    - React-Codegen (= 0.68.0-rc.2)
    - React-Core/RCTSettingsHeaders (= 0.68.0-rc.2)
    - React-jsi (= 0.68.0-rc.2)
    - ReactCommon/turbomodule/core (= 0.68.0-rc.2)
  - React-RCTText (0.68.0-rc.2):
    - React-Core/RCTTextHeaders (= 0.68.0-rc.2)
  - React-RCTVibration (0.68.0-rc.2):
    - RCT-Folly (= 2021.06.28.00-v2)
    - React-Codegen (= 0.68.0-rc.2)
    - React-Core/RCTVibrationHeaders (= 0.68.0-rc.2)
    - React-jsi (= 0.68.0-rc.2)
    - ReactCommon/turbomodule/core (= 0.68.0-rc.2)
  - React-runtimeexecutor (0.68.0-rc.2):
    - React-jsi (= 0.68.0-rc.2)
  - ReactCommon/turbomodule/core (0.68.0-rc.2):
    - DoubleConversion
    - glog
    - RCT-Folly (= 2021.06.28.00-v2)
    - React-callinvoker (= 0.68.0-rc.2)
    - React-Core (= 0.68.0-rc.2)
    - React-cxxreact (= 0.68.0-rc.2)
    - React-jsi (= 0.68.0-rc.2)
    - React-logger (= 0.68.0-rc.2)
    - React-perflogger (= 0.68.0-rc.2)
  - SocketRocket (0.6.0)
  - Yoga (1.14.0)
  - YogaKit (1.18.1):
    - Yoga (~> 1.14)

DEPENDENCIES:
  - boost (from `../node_modules/react-native/third-party-podspecs/boost.podspec`)
  - DoubleConversion (from `../node_modules/react-native/third-party-podspecs/DoubleConversion.podspec`)
  - FBLazyVector (from `../node_modules/react-native/Libraries/FBLazyVector`)
  - FBReactNativeSpec (from `../node_modules/react-native/React/FBReactNativeSpec`)
  - Flipper (= 0.125.0)
  - Flipper-Boost-iOSX (= 1.76.0.1.11)
  - Flipper-DoubleConversion (= 3.1.7)
  - Flipper-Fmt (= 7.1.7)
  - Flipper-Folly (= 2.6.10)
  - Flipper-Glog (= 0.3.9)
  - Flipper-PeerTalk (= 0.0.4)
  - Flipper-RSocket (= 1.4.3)
  - FlipperKit (= 0.125.0)
  - FlipperKit/Core (= 0.125.0)
  - FlipperKit/CppBridge (= 0.125.0)
  - FlipperKit/FBCxxFollyDynamicConvert (= 0.125.0)
  - FlipperKit/FBDefines (= 0.125.0)
  - FlipperKit/FKPortForwarding (= 0.125.0)
  - FlipperKit/FlipperKitHighlightOverlay (= 0.125.0)
  - FlipperKit/FlipperKitLayoutPlugin (= 0.125.0)
  - FlipperKit/FlipperKitLayoutTextSearchable (= 0.125.0)
  - FlipperKit/FlipperKitNetworkPlugin (= 0.125.0)
  - FlipperKit/FlipperKitReactPlugin (= 0.125.0)
  - FlipperKit/FlipperKitUserDefaultsPlugin (= 0.125.0)
  - FlipperKit/SKIOSNetworkPlugin (= 0.125.0)
  - glog (from `../node_modules/react-native/third-party-podspecs/glog.podspec`)
  - OpenSSL-Universal (= 1.1.1100)
  - RCT-Folly (from `../node_modules/react-native/third-party-podspecs/RCT-Folly.podspec`)
  - RCTRequired (from `../node_modules/react-native/Libraries/RCTRequired`)
  - RCTTypeSafety (from `../node_modules/react-native/Libraries/TypeSafety`)
  - React (from `../node_modules/react-native/`)
  - React-callinvoker (from `../node_modules/react-native/ReactCommon/callinvoker`)
  - React-Codegen (from `build/generated/ios`)
  - React-Core (from `../node_modules/react-native/`)
  - React-Core/DevSupport (from `../node_modules/react-native/`)
  - React-Core/RCTWebSocket (from `../node_modules/react-native/`)
  - React-CoreModules (from `../node_modules/react-native/React/CoreModules`)
  - React-cxxreact (from `../node_modules/react-native/ReactCommon/cxxreact`)
  - React-jsi (from `../node_modules/react-native/ReactCommon/jsi`)
  - React-jsiexecutor (from `../node_modules/react-native/ReactCommon/jsiexecutor`)
  - React-jsinspector (from `../node_modules/react-native/ReactCommon/jsinspector`)
  - React-logger (from `../node_modules/react-native/ReactCommon/logger`)
  - React-perflogger (from `../node_modules/react-native/ReactCommon/reactperflogger`)
  - React-RCTActionSheet (from `../node_modules/react-native/Libraries/ActionSheetIOS`)
  - React-RCTAnimation (from `../node_modules/react-native/Libraries/NativeAnimation`)
  - React-RCTBlob (from `../node_modules/react-native/Libraries/Blob`)
  - React-RCTImage (from `../node_modules/react-native/Libraries/Image`)
  - React-RCTLinking (from `../node_modules/react-native/Libraries/LinkingIOS`)
  - React-RCTNetwork (from `../node_modules/react-native/Libraries/Network`)
  - React-RCTSettings (from `../node_modules/react-native/Libraries/Settings`)
  - React-RCTText (from `../node_modules/react-native/Libraries/Text`)
  - React-RCTVibration (from `../node_modules/react-native/Libraries/Vibration`)
  - React-runtimeexecutor (from `../node_modules/react-native/ReactCommon/runtimeexecutor`)
  - ReactCommon/turbomodule/core (from `../node_modules/react-native/ReactCommon`)
  - Yoga (from `../node_modules/react-native/ReactCommon/yoga`)

SPEC REPOS:
  trunk:
    - CocoaAsyncSocket
    - Flipper
    - Flipper-Boost-iOSX
    - Flipper-DoubleConversion
    - Flipper-Fmt
    - Flipper-Folly
    - Flipper-Glog
    - Flipper-PeerTalk
    - Flipper-RSocket
    - FlipperKit
    - fmt
    - libevent
    - OpenSSL-Universal
    - SocketRocket
    - YogaKit

EXTERNAL SOURCES:
  boost:
    :podspec: "../node_modules/react-native/third-party-podspecs/boost.podspec"
  DoubleConversion:
    :podspec: "../node_modules/react-native/third-party-podspecs/DoubleConversion.podspec"
  FBLazyVector:
    :path: "../node_modules/react-native/Libraries/FBLazyVector"
  FBReactNativeSpec:
    :path: "../node_modules/react-native/React/FBReactNativeSpec"
  glog:
    :podspec: "../node_modules/react-native/third-party-podspecs/glog.podspec"
  RCT-Folly:
    :podspec: "../node_modules/react-native/third-party-podspecs/RCT-Folly.podspec"
  RCTRequired:
    :path: "../node_modules/react-native/Libraries/RCTRequired"
  RCTTypeSafety:
    :path: "../node_modules/react-native/Libraries/TypeSafety"
  React:
    :path: "../node_modules/react-native/"
  React-callinvoker:
    :path: "../node_modules/react-native/ReactCommon/callinvoker"
  React-Codegen:
    :path: build/generated/ios
  React-Core:
    :path: "../node_modules/react-native/"
  React-CoreModules:
    :path: "../node_modules/react-native/React/CoreModules"
  React-cxxreact:
    :path: "../node_modules/react-native/ReactCommon/cxxreact"
  React-jsi:
    :path: "../node_modules/react-native/ReactCommon/jsi"
  React-jsiexecutor:
    :path: "../node_modules/react-native/ReactCommon/jsiexecutor"
  React-jsinspector:
    :path: "../node_modules/react-native/ReactCommon/jsinspector"
  React-logger:
    :path: "../node_modules/react-native/ReactCommon/logger"
  React-perflogger:
    :path: "../node_modules/react-native/ReactCommon/reactperflogger"
  React-RCTActionSheet:
    :path: "../node_modules/react-native/Libraries/ActionSheetIOS"
  React-RCTAnimation:
    :path: "../node_modules/react-native/Libraries/NativeAnimation"
  React-RCTBlob:
    :path: "../node_modules/react-native/Libraries/Blob"
  React-RCTImage:
    :path: "../node_modules/react-native/Libraries/Image"
  React-RCTLinking:
    :path: "../node_modules/react-native/Libraries/LinkingIOS"
  React-RCTNetwork:
    :path: "../node_modules/react-native/Libraries/Network"
  React-RCTSettings:
    :path: "../node_modules/react-native/Libraries/Settings"
  React-RCTText:
    :path: "../node_modules/react-native/Libraries/Text"
  React-RCTVibration:
    :path: "../node_modules/react-native/Libraries/Vibration"
  React-runtimeexecutor:
    :path: "../node_modules/react-native/ReactCommon/runtimeexecutor"
  ReactCommon:
    :path: "../node_modules/react-native/ReactCommon"
  Yoga:
    :path: "../node_modules/react-native/ReactCommon/yoga"

SPEC CHECKSUMS:
  boost: a7c83b31436843459a1961bfd74b96033dc77234
  CocoaAsyncSocket: 065fd1e645c7abab64f7a6a2007a48038fdc6a99
  DoubleConversion: 831926d9b8bf8166fd87886c4abab286c2422662
  FBLazyVector: 07eb8bb0d56ecb0c16f771d81f0f25008bc403b5
  FBReactNativeSpec: 77e626151b2514d1471acfd57b2c28a0baff69cf
  Flipper: 26fc4b7382499f1281eb8cb921e5c3ad6de91fe0
  Flipper-Boost-iOSX: fd1e2b8cbef7e662a122412d7ac5f5bea715403c
  Flipper-DoubleConversion: 57ffbe81ef95306cc9e69c4aa3aeeeeb58a6a28c
  Flipper-Fmt: 60cbdd92fc254826e61d669a5d87ef7015396a9b
  Flipper-Folly: 584845625005ff068a6ebf41f857f468decd26b3
  Flipper-Glog: 05579840e2750ec907ee2f81544f41ad76a7cae4
  Flipper-PeerTalk: 116d8f857dc6ef55c7a5a75ea3ceaafe878aadc9
  Flipper-RSocket: d9d9ade67cbecf6ac10730304bf5607266dd2541
  FlipperKit: cbdee19bdd4e7f05472a66ce290f1b729ba3cb86
  fmt: ff9d55029c625d3757ed641535fd4a75fedc7ce9
  glog: 476ee3e89abb49e07f822b48323c51c57124b572
  libevent: 4049cae6c81cdb3654a443be001fb9bdceff7913
  OpenSSL-Universal: ebc357f1e6bc71fa463ccb2fe676756aff50e88c
  RCT-Folly: 803a9cfd78114b2ec0f140cfa6fa2a6bafb2d685
  RCTRequired: 180eaa134050e3315986c2ae145f3674be78ae3e
  RCTTypeSafety: 91d830366397fae0974496104cedce043279045d
  React: f6ee8a53d6212d8939ce92a537cb4b179dc01109
  React-callinvoker: 62fc4e32f979e20a321d60e37c792b70c210244b
  React-Codegen: d1c1b8d5ae78b10e01b93be321bf3760e0bbe925
  React-Core: d894f74339f2c56bf2d4e87c20f135b34803d676
  React-CoreModules: 89cdf26ecff5d019f5e73c2cb750abc9f2657c87
  React-cxxreact: f7bad9461a1570a1871b9f2b3276ccd989253562
  React-jsi: ef80f544ee1c0b9d7d29b33963520fafd9992fa9
  React-jsiexecutor: 352a2d26dd981cf2586e144196ae0972fd7ee0d0
  React-jsinspector: f5ae77343a320a7d644b424ab4808c7827f3a1b3
  React-logger: 2fa2f7404a8f41ed2c787e1bb84d13343f2997cf
  React-perflogger: 3bf9ae62c5bff7308a3886ab4e51f4420bfa16c0
  React-RCTActionSheet: d056d06abe9e0a7c59a6dbd6103a323417bdc901
  React-RCTAnimation: 34339473f0ebaf7b183a2344a1fe6a18da6162a8
  React-RCTBlob: 08c8d788b269ff3ea1df236a33b91d1cfaed0f0d
  React-RCTImage: a4d41a79b2a1cbfdbf779907f803f57ebbb85af1
  React-RCTLinking: a98387924d98d68e686ebaa539bf0523ebb3d61c
  React-RCTNetwork: dc08d04b3f49c42fcc6d56c869fd98542945d48a
  React-RCTSettings: 45a6f0a9a45eb0f1f0272c359af8ce6957b6eb10
  React-RCTText: b88155b89ba6fb2d4e21d17dce575d0fc206a7b1
  React-RCTVibration: 25ef5d6f6141ea389d41d93d5a2ca1b4771920b4
  React-runtimeexecutor: 37e5fa0b81067a8e487391e2816bae8813b226a5
  ReactCommon: 4c7431a20d472996669b2230f34df0115bf5dc8d
  SocketRocket: fccef3f9c5cedea1353a9ef6ada904fde10d6608
  Yoga: d7b12009fb66b91a161cddf00c349d42a0015de2
  YogaKit: f782866e155069a2cca2517aafea43200b01fd5a

PODFILE CHECKSUM: c3cdf00ef6a77e2b533dd01b24a90d646a8d6aec

COCOAPODS: 1.11.2
